// !$*UTF8*$!
{
	archiveVersion = 1;
	classes = {
	};
	objectVersion = 51;
	objects = {

/* Begin PBXBuildFile section */
		3715EC3F26D411CD00B6751C /* Data+JSON.swift in Sources */ = {isa = PBXBuildFile; fileRef = 3715EC3E26D411CD00B6751C /* Data+JSON.swift */; };
		3715EC4126D4120200B6751C /* SampleData.json in Resources */ = {isa = PBXBuildFile; fileRef = 3715EC4026D4120200B6751C /* SampleData.json */; };
		3715EC4326D4122000B6751C /* SampleTrack.json in Resources */ = {isa = PBXBuildFile; fileRef = 3715EC4226D4122000B6751C /* SampleTrack.json */; };
		3715EC4526D4124200B6751C /* MockKeywordDataSource.swift in Sources */ = {isa = PBXBuildFile; fileRef = 3715EC4426D4124200B6751C /* MockKeywordDataSource.swift */; };
		3715EC4726D4125000B6751C /* MockTrackDataSource.swift in Sources */ = {isa = PBXBuildFile; fileRef = 3715EC4626D4125000B6751C /* MockTrackDataSource.swift */; };
		3715EC4926D412CC00B6751C /* TrackDataSourceTest.swift in Sources */ = {isa = PBXBuildFile; fileRef = 3715EC4826D412CC00B6751C /* TrackDataSourceTest.swift */; };
		3715EC4B26D412F500B6751C /* TrackDTOTest.swift in Sources */ = {isa = PBXBuildFile; fileRef = 3715EC4A26D412F500B6751C /* TrackDTOTest.swift */; };
		3715EC4D26D4131700B6751C /* TrackRepositoryTest.swift in Sources */ = {isa = PBXBuildFile; fileRef = 3715EC4C26D4131700B6751C /* TrackRepositoryTest.swift */; };
		3715EC4F26D4133D00B6751C /* TrackUseCaseTest.swift in Sources */ = {isa = PBXBuildFile; fileRef = 3715EC4E26D4133D00B6751C /* TrackUseCaseTest.swift */; };
		3715EC5226D4137000B6751C /* SearchMainViewModelTest.swift in Sources */ = {isa = PBXBuildFile; fileRef = 3715EC5126D4137000B6751C /* SearchMainViewModelTest.swift */; };
		3715EC5526D4157200B6751C /* SearchResultViewModelTest.swift in Sources */ = {isa = PBXBuildFile; fileRef = 3715EC5426D4157200B6751C /* SearchResultViewModelTest.swift */; };
		377874D426CB5DAC00A9BF73 /* SettingViewController.swift in Sources */ = {isa = PBXBuildFile; fileRef = 377874D326CB5DAC00A9BF73 /* SettingViewController.swift */; };
		377874D626CB5F5B00A9BF73 /* SettingViewController.storyboard in Resources */ = {isa = PBXBuildFile; fileRef = 377874D526CB5F5B00A9BF73 /* SettingViewController.storyboard */; };
		377874DC26CE008100A9BF73 /* SignInViewController.swift in Sources */ = {isa = PBXBuildFile; fileRef = 377874DB26CE008100A9BF73 /* SignInViewController.swift */; };
		377874DE26CE00AC00A9BF73 /* SignInViewController.storyboard in Resources */ = {isa = PBXBuildFile; fileRef = 377874DD26CE00AC00A9BF73 /* SignInViewController.storyboard */; };
		377874E126CE019000A9BF73 /* AuthService.swift in Sources */ = {isa = PBXBuildFile; fileRef = 377874E026CE019000A9BF73 /* AuthService.swift */; };
		3781ED8D26BBA9EC00404A9D /* TrackAPIDataSource.swift in Sources */ = {isa = PBXBuildFile; fileRef = 3781ED8C26BBA9EC00404A9D /* TrackAPIDataSource.swift */; };
		3781ED8F26BBB8EE00404A9D /* Application.swift in Sources */ = {isa = PBXBuildFile; fileRef = 3781ED8E26BBB8EE00404A9D /* Application.swift */; };
		3781ED9526BBF9BF00404A9D /* SearchMainModel.swift in Sources */ = {isa = PBXBuildFile; fileRef = 3781ED9426BBF9BF00404A9D /* SearchMainModel.swift */; };
		3781ED9726BBFA0300404A9D /* SearchResultModel.swift in Sources */ = {isa = PBXBuildFile; fileRef = 3781ED9626BBFA0300404A9D /* SearchResultModel.swift */; };
		3782ED6C26B93FC300CB3711 /* KeywordUseCaseImpl.swift in Sources */ = {isa = PBXBuildFile; fileRef = 3782ED6B26B93FC300CB3711 /* KeywordUseCaseImpl.swift */; };
		37851DE726BA7BD100491D05 /* TrackUseCaseImpl.swift in Sources */ = {isa = PBXBuildFile; fileRef = 37851DE626BA7BD100491D05 /* TrackUseCaseImpl.swift */; };
		37851DEC26BA7D8900491D05 /* Track.swift in Sources */ = {isa = PBXBuildFile; fileRef = 37851DEB26BA7D8900491D05 /* Track.swift */; };
		37851DEE26BA7E3F00491D05 /* DBObjectConvertableType.swift in Sources */ = {isa = PBXBuildFile; fileRef = 37851DED26BA7E3F00491D05 /* DBObjectConvertableType.swift */; };
		37851DF026BA89B500491D05 /* DBObject.swift in Sources */ = {isa = PBXBuildFile; fileRef = 37851DEF26BA89B500491D05 /* DBObject.swift */; };
		37851DF226BA994000491D05 /* TrackAPI.swift in Sources */ = {isa = PBXBuildFile; fileRef = 37851DF126BA994000491D05 /* TrackAPI.swift */; };
		3793D16726BE927600999C81 /* SearchDetailViewController.swift in Sources */ = {isa = PBXBuildFile; fileRef = 3793D16626BE927600999C81 /* SearchDetailViewController.swift */; };
		3793D16926BE92AD00999C81 /* SearchDetailViewModel.swift in Sources */ = {isa = PBXBuildFile; fileRef = 3793D16826BE92AD00999C81 /* SearchDetailViewModel.swift */; };
		3793D16B26BE92E200999C81 /* SearchDetailModel.swift in Sources */ = {isa = PBXBuildFile; fileRef = 3793D16A26BE92E200999C81 /* SearchDetailModel.swift */; };
		3793D17D26BE931200999C81 /* DetailPreviewCell.xib in Resources */ = {isa = PBXBuildFile; fileRef = 3793D16D26BE931100999C81 /* DetailPreviewCell.xib */; };
		3793D17E26BE931200999C81 /* DetailPreviewCell.swift in Sources */ = {isa = PBXBuildFile; fileRef = 3793D16E26BE931100999C81 /* DetailPreviewCell.swift */; };
		3793D17F26BE931200999C81 /* DetailVerticalInfoCell.swift in Sources */ = {isa = PBXBuildFile; fileRef = 3793D16F26BE931100999C81 /* DetailVerticalInfoCell.swift */; };
		3793D18026BE931200999C81 /* DetailSellerInfoCell.swift in Sources */ = {isa = PBXBuildFile; fileRef = 3793D17026BE931100999C81 /* DetailSellerInfoCell.swift */; };
		3793D18126BE931200999C81 /* DetailReleaseNotesCell.swift in Sources */ = {isa = PBXBuildFile; fileRef = 3793D17126BE931100999C81 /* DetailReleaseNotesCell.swift */; };
		3793D18226BE931200999C81 /* DetailDescriptionCell.xib in Resources */ = {isa = PBXBuildFile; fileRef = 3793D17226BE931100999C81 /* DetailDescriptionCell.xib */; };
		3793D18326BE931200999C81 /* DetailPreviewImageCell.swift in Sources */ = {isa = PBXBuildFile; fileRef = 3793D17326BE931100999C81 /* DetailPreviewImageCell.swift */; };
		3793D18426BE931200999C81 /* DetailHorizontalInfoCell.xib in Resources */ = {isa = PBXBuildFile; fileRef = 3793D17426BE931100999C81 /* DetailHorizontalInfoCell.xib */; };
		3793D18526BE931200999C81 /* DetailReleaseNotesCell.xib in Resources */ = {isa = PBXBuildFile; fileRef = 3793D17526BE931200999C81 /* DetailReleaseNotesCell.xib */; };
		3793D18626BE931200999C81 /* DetailHeaderCell.swift in Sources */ = {isa = PBXBuildFile; fileRef = 3793D17626BE931200999C81 /* DetailHeaderCell.swift */; };
		3793D18726BE931200999C81 /* DetailVerticalInfoCell.xib in Resources */ = {isa = PBXBuildFile; fileRef = 3793D17726BE931200999C81 /* DetailVerticalInfoCell.xib */; };
		3793D18826BE931200999C81 /* DetailHeaderCell.xib in Resources */ = {isa = PBXBuildFile; fileRef = 3793D17826BE931200999C81 /* DetailHeaderCell.xib */; };
		3793D18926BE931200999C81 /* DetailDescriptionCell.swift in Sources */ = {isa = PBXBuildFile; fileRef = 3793D17926BE931200999C81 /* DetailDescriptionCell.swift */; };
		3793D18A26BE931200999C81 /* DetailHorizontalInfoCell.swift in Sources */ = {isa = PBXBuildFile; fileRef = 3793D17A26BE931200999C81 /* DetailHorizontalInfoCell.swift */; };
		3793D18B26BE931200999C81 /* DetailSellerInfoCell.xib in Resources */ = {isa = PBXBuildFile; fileRef = 3793D17B26BE931200999C81 /* DetailSellerInfoCell.xib */; };
		3793D18C26BE931200999C81 /* DetailPreviewImageCell.xib in Resources */ = {isa = PBXBuildFile; fileRef = 3793D17C26BE931200999C81 /* DetailPreviewImageCell.xib */; };
		3793D18E26BE97B600999C81 /* UIView+Ext.swift in Sources */ = {isa = PBXBuildFile; fileRef = 3793D18D26BE97B600999C81 /* UIView+Ext.swift */; };
		3793D19026BE97DD00999C81 /* String+Ext.swift in Sources */ = {isa = PBXBuildFile; fileRef = 3793D18F26BE97DD00999C81 /* String+Ext.swift */; };
		3793D19226BE980400999C81 /* Int64+Ext.swift in Sources */ = {isa = PBXBuildFile; fileRef = 3793D19126BE980400999C81 /* Int64+Ext.swift */; };
		3793D19426BE982900999C81 /* Date+Ext.swift in Sources */ = {isa = PBXBuildFile; fileRef = 3793D19326BE982900999C81 /* Date+Ext.swift */; };
		3793D19626BE988100999C81 /* SearchDetailViewController.storyboard in Resources */ = {isa = PBXBuildFile; fileRef = 3793D19526BE988100999C81 /* SearchDetailViewController.storyboard */; };
		37941E5926CEA0D600B23F69 /* SignInFlow.swift in Sources */ = {isa = PBXBuildFile; fileRef = 37941E5826CEA0D600B23F69 /* SignInFlow.swift */; };
		37941E5B26CEA50F00B23F69 /* SignInViewModel.swift in Sources */ = {isa = PBXBuildFile; fileRef = 37941E5A26CEA50F00B23F69 /* SignInViewModel.swift */; };
		37941E5D26CEB59A00B23F69 /* SettingViewModel.swift in Sources */ = {isa = PBXBuildFile; fileRef = 37941E5C26CEB59A00B23F69 /* SettingViewModel.swift */; };
		37941E6226D2370B00B23F69 /* DIContainer.swift in Sources */ = {isa = PBXBuildFile; fileRef = 37941E6126D2370B00B23F69 /* DIContainer.swift */; };
		37941E6C26D29BEA00B23F69 /* README.md in Resources */ = {isa = PBXBuildFile; fileRef = 37941E6B26D29BEA00B23F69 /* README.md */; };
		37941E7326D2AD2600B23F69 /* swiftgen.yml in Resources */ = {isa = PBXBuildFile; fileRef = 37941E7226D2AD2600B23F69 /* swiftgen.yml */; };
		37941E7626D2AE5A00B23F69 /* XCAssets+Generated.swift in Sources */ = {isa = PBXBuildFile; fileRef = 37941E7526D2AE5A00B23F69 /* XCAssets+Generated.swift */; };
		37941E7826D2AFA600B23F69 /* .swiftlint.yml in Resources */ = {isa = PBXBuildFile; fileRef = 37941E7726D2AFA600B23F69 /* .swiftlint.yml */; };
		37C1C47A26B7E00400151E68 /* MainFlow.swift in Sources */ = {isa = PBXBuildFile; fileRef = 37C1C47926B7E00400151E68 /* MainFlow.swift */; };
		37C1C47C26B7EA9E00151E68 /* SearchFlow.swift in Sources */ = {isa = PBXBuildFile; fileRef = 37C1C47B26B7EA9E00151E68 /* SearchFlow.swift */; };
		37C1C47E26B7EAAF00151E68 /* SettingFlow.swift in Sources */ = {isa = PBXBuildFile; fileRef = 37C1C47D26B7EAAE00151E68 /* SettingFlow.swift */; };
		37C1C48726B8145100151E68 /* SearchMainViewController.swift in Sources */ = {isa = PBXBuildFile; fileRef = 37C1C48526B8145100151E68 /* SearchMainViewController.swift */; };
		37C1C48F26B8198E00151E68 /* SearchMainViewController.storyboard in Resources */ = {isa = PBXBuildFile; fileRef = 37C1C48E26B8198E00151E68 /* SearchMainViewController.storyboard */; };
		37C1C49226B81DE900151E68 /* SearchResultViewController.swift in Sources */ = {isa = PBXBuildFile; fileRef = 37C1C49126B81DE900151E68 /* SearchResultViewController.swift */; };
		37C1C49426B81DF500151E68 /* SearchResultViewController.storyboard in Resources */ = {isa = PBXBuildFile; fileRef = 37C1C49326B81DF500151E68 /* SearchResultViewController.storyboard */; };
		37C1C49A26B8214700151E68 /* MainHeaderCell.xib in Resources */ = {isa = PBXBuildFile; fileRef = 37C1C49626B8214700151E68 /* MainHeaderCell.xib */; };
		37C1C49B26B8214700151E68 /* MainHeaderCell.swift in Sources */ = {isa = PBXBuildFile; fileRef = 37C1C49726B8214700151E68 /* MainHeaderCell.swift */; };
		37C1C49C26B8214700151E68 /* MainRecentKeywordCell.xib in Resources */ = {isa = PBXBuildFile; fileRef = 37C1C49826B8214700151E68 /* MainRecentKeywordCell.xib */; };
		37C1C49D26B8214700151E68 /* MainRecentKeywordCell.swift in Sources */ = {isa = PBXBuildFile; fileRef = 37C1C49926B8214700151E68 /* MainRecentKeywordCell.swift */; };
		37C1C49F26B8228900151E68 /* SearchMainViewModel.swift in Sources */ = {isa = PBXBuildFile; fileRef = 37C1C49E26B8228900151E68 /* SearchMainViewModel.swift */; };
		37C1C4A726B8291900151E68 /* ViewModelType.swift in Sources */ = {isa = PBXBuildFile; fileRef = 37C1C4A626B8291900151E68 /* ViewModelType.swift */; };
		37C1C4A926B8376800151E68 /* SearchResultViewModel.swift in Sources */ = {isa = PBXBuildFile; fileRef = 37C1C4A826B8376800151E68 /* SearchResultViewModel.swift */; };
		37C1C4AF26B8388B00151E68 /* SearchRecentKeywordCell.xib in Resources */ = {isa = PBXBuildFile; fileRef = 37C1C4AB26B8388B00151E68 /* SearchRecentKeywordCell.xib */; };
		37C1C4B026B8388B00151E68 /* SearchRecentKeywordCell.swift in Sources */ = {isa = PBXBuildFile; fileRef = 37C1C4AC26B8388B00151E68 /* SearchRecentKeywordCell.swift */; };
		37C1C4B126B8388B00151E68 /* SearchTrackCell.xib in Resources */ = {isa = PBXBuildFile; fileRef = 37C1C4AD26B8388B00151E68 /* SearchTrackCell.xib */; };
		37C1C4B226B8388B00151E68 /* SearchTrackCell.swift in Sources */ = {isa = PBXBuildFile; fileRef = 37C1C4AE26B8388B00151E68 /* SearchTrackCell.swift */; };
		37C1C4BC26B8412000151E68 /* Double+Ext.swift in Sources */ = {isa = PBXBuildFile; fileRef = 37C1C4BB26B8412000151E68 /* Double+Ext.swift */; };
		37C1C4E126B901FB00151E68 /* TrackRepository.swift in Sources */ = {isa = PBXBuildFile; fileRef = 37C1C4E026B901FB00151E68 /* TrackRepository.swift */; };
		37C1C4E326B9020600151E68 /* KeywordRepository.swift in Sources */ = {isa = PBXBuildFile; fileRef = 37C1C4E226B9020600151E68 /* KeywordRepository.swift */; };
		37C1C4FE26B9033A00151E68 /* Data.h in Headers */ = {isa = PBXBuildFile; fileRef = 37C1C4EE26B9033A00151E68 /* Data.h */; settings = {ATTRIBUTES = (Public, ); }; };
		37C1C50126B9033A00151E68 /* Data.framework in Frameworks */ = {isa = PBXBuildFile; fileRef = 37C1C4EC26B9033900151E68 /* Data.framework */; };
		37C1C50226B9033A00151E68 /* Data.framework in Embed Frameworks */ = {isa = PBXBuildFile; fileRef = 37C1C4EC26B9033900151E68 /* Data.framework */; settings = {ATTRIBUTES = (CodeSignOnCopy, RemoveHeadersOnCopy, ); }; };
		37C1C51026B9039100151E68 /* TrackRepositoryImpl.swift in Sources */ = {isa = PBXBuildFile; fileRef = 37C1C50F26B9039100151E68 /* TrackRepositoryImpl.swift */; };
		37C1C51226B9039A00151E68 /* KeywordRepositoryImpl.swift in Sources */ = {isa = PBXBuildFile; fileRef = 37C1C51126B9039A00151E68 /* KeywordRepositoryImpl.swift */; };
		37C1C51626B904F700151E68 /* TrackDataSource.swift in Sources */ = {isa = PBXBuildFile; fileRef = 37C1C51526B904F700151E68 /* TrackDataSource.swift */; };
		37C1C51826B905CB00151E68 /* KeywordDataSource.swift in Sources */ = {isa = PBXBuildFile; fileRef = 37C1C51726B905CB00151E68 /* KeywordDataSource.swift */; };
		37C1C51C26B90AB900151E68 /* KeywordRealmDataSource.swift in Sources */ = {isa = PBXBuildFile; fileRef = 37C1C51B26B90AB900151E68 /* KeywordRealmDataSource.swift */; };
		37C1C52D26B910D300151E68 /* RealmConvertableType.swift in Sources */ = {isa = PBXBuildFile; fileRef = 37C1C52C26B910D300151E68 /* RealmConvertableType.swift */; };
		37C1C52F26B910E500151E68 /* DomainConvertableType.swift in Sources */ = {isa = PBXBuildFile; fileRef = 37C1C52E26B910E500151E68 /* DomainConvertableType.swift */; };
		37C1C53C26B9159B00151E68 /* RMKeyword.swift in Sources */ = {isa = PBXBuildFile; fileRef = 37C1C53B26B9159B00151E68 /* RMKeyword.swift */; };
		37E99B7F26B7B892002A840B /* AppDelegate.swift in Sources */ = {isa = PBXBuildFile; fileRef = 37E99B7E26B7B892002A840B /* AppDelegate.swift */; };
		37E99B8826B7B892002A840B /* Assets.xcassets in Resources */ = {isa = PBXBuildFile; fileRef = 37E99B8726B7B892002A840B /* Assets.xcassets */; };
		37E99B8B26B7B892002A840B /* LaunchScreen.storyboard in Resources */ = {isa = PBXBuildFile; fileRef = 37E99B8926B7B892002A840B /* LaunchScreen.storyboard */; };
		37E99BA926B7B92A002A840B /* Domain.h in Headers */ = {isa = PBXBuildFile; fileRef = 37E99B9926B7B92A002A840B /* Domain.h */; settings = {ATTRIBUTES = (Public, ); }; };
		37E99BAC26B7B92A002A840B /* Domain.framework in Frameworks */ = {isa = PBXBuildFile; fileRef = 37E99B9726B7B92A002A840B /* Domain.framework */; };
		37E99BAD26B7B92A002A840B /* Domain.framework in Embed Frameworks */ = {isa = PBXBuildFile; fileRef = 37E99B9726B7B92A002A840B /* Domain.framework */; settings = {ATTRIBUTES = (CodeSignOnCopy, RemoveHeadersOnCopy, ); }; };
		37E99BBF26B7B95A002A840B /* Track.swift in Sources */ = {isa = PBXBuildFile; fileRef = 37E99BBE26B7B95A002A840B /* Track.swift */; };
		37E99BC126B7B964002A840B /* Keyword.swift in Sources */ = {isa = PBXBuildFile; fileRef = 37E99BC026B7B964002A840B /* Keyword.swift */; };
		37E99BC526B7B9D5002A840B /* TrackUseCase.swift in Sources */ = {isa = PBXBuildFile; fileRef = 37E99BC426B7B9D5002A840B /* TrackUseCase.swift */; };
		37E99BC726B7B9DD002A840B /* KeywordUseCase.swift in Sources */ = {isa = PBXBuildFile; fileRef = 37E99BC626B7B9DD002A840B /* KeywordUseCase.swift */; };
		37E99BCE26B7BDBD002A840B /* AppFlow.swift in Sources */ = {isa = PBXBuildFile; fileRef = 37E99BCD26B7BDBD002A840B /* AppFlow.swift */; };
		46E3F3ECA7455F3C2F23552D /* Pods_AppStoreSample.framework in Frameworks */ = {isa = PBXBuildFile; fileRef = F3EBF40F1B004C813CF16071 /* Pods_AppStoreSample.framework */; };
		484DDF5A740A7459AAE5CAA2 /* Pods_AppStoreSample_AppStoreSampleTests.framework in Frameworks */ = {isa = PBXBuildFile; fileRef = EA9CEB65ABA04CF93A2939DA /* Pods_AppStoreSample_AppStoreSampleTests.framework */; };
		699858BDB903C18CC27A3AB3 /* Pods_Domain.framework in Frameworks */ = {isa = PBXBuildFile; fileRef = 6B8226809ED3FB13749A0045 /* Pods_Domain.framework */; };
		CAB33C64954644FF22CAA4A0 /* (null) in Frameworks */ = {isa = PBXBuildFile; };
		D1696E225F4942150695276C /* Pods_Data.framework in Frameworks */ = {isa = PBXBuildFile; fileRef = 8739C34AE11320B9272BCF52 /* Pods_Data.framework */; };
/* End PBXBuildFile section */

/* Begin PBXContainerItemProxy section */
		3715EC2126D4107200B6751C /* PBXContainerItemProxy */ = {
			isa = PBXContainerItemProxy;
			containerPortal = 37E99B7326B7B892002A840B /* Project object */;
			proxyType = 1;
			remoteGlobalIDString = 37E99B7A26B7B892002A840B;
			remoteInfo = AppStoreSample;
		};
		37C1C4FF26B9033A00151E68 /* PBXContainerItemProxy */ = {
			isa = PBXContainerItemProxy;
			containerPortal = 37E99B7326B7B892002A840B /* Project object */;
			proxyType = 1;
			remoteGlobalIDString = 37C1C4EB26B9033900151E68;
			remoteInfo = Data;
		};
		37E99BAA26B7B92A002A840B /* PBXContainerItemProxy */ = {
			isa = PBXContainerItemProxy;
			containerPortal = 37E99B7326B7B892002A840B /* Project object */;
			proxyType = 1;
			remoteGlobalIDString = 37E99B9626B7B92A002A840B;
			remoteInfo = Domain;
		};
/* End PBXContainerItemProxy section */

/* Begin PBXCopyFilesBuildPhase section */
		37E99BAE26B7B92A002A840B /* Embed Frameworks */ = {
			isa = PBXCopyFilesBuildPhase;
			buildActionMask = 2147483647;
			dstPath = "";
			dstSubfolderSpec = 10;
			files = (
				37C1C50226B9033A00151E68 /* Data.framework in Embed Frameworks */,
				37E99BAD26B7B92A002A840B /* Domain.framework in Embed Frameworks */,
			);
			name = "Embed Frameworks";
			runOnlyForDeploymentPostprocessing = 0;
		};
/* End PBXCopyFilesBuildPhase section */

/* Begin PBXFileReference section */
		12E72FF7E9EED8C6E6295A45 /* Pods-AppStoreSample-AppStoreSampleTests.release.xcconfig */ = {isa = PBXFileReference; includeInIndex = 1; lastKnownFileType = text.xcconfig; name = "Pods-AppStoreSample-AppStoreSampleTests.release.xcconfig"; path = "Target Support Files/Pods-AppStoreSample-AppStoreSampleTests/Pods-AppStoreSample-AppStoreSampleTests.release.xcconfig"; sourceTree = "<group>"; };
		33A1863F4A8B34B814F3DB8D /* Pods-AppStoreSample.release.xcconfig */ = {isa = PBXFileReference; includeInIndex = 1; lastKnownFileType = text.xcconfig; name = "Pods-AppStoreSample.release.xcconfig"; path = "Target Support Files/Pods-AppStoreSample/Pods-AppStoreSample.release.xcconfig"; sourceTree = "<group>"; };
		3715EC1C26D4107200B6751C /* AppStoreSampleTests.xctest */ = {isa = PBXFileReference; explicitFileType = wrapper.cfbundle; includeInIndex = 0; path = AppStoreSampleTests.xctest; sourceTree = BUILT_PRODUCTS_DIR; };
		3715EC2726D4109300B6751C /* Info.plist */ = {isa = PBXFileReference; fileEncoding = 4; lastKnownFileType = text.plist.xml; path = Info.plist; sourceTree = "<group>"; };
		3715EC3E26D411CD00B6751C /* Data+JSON.swift */ = {isa = PBXFileReference; lastKnownFileType = sourcecode.swift; path = "Data+JSON.swift"; sourceTree = "<group>"; };
		3715EC4026D4120200B6751C /* SampleData.json */ = {isa = PBXFileReference; lastKnownFileType = text.json; path = SampleData.json; sourceTree = "<group>"; };
		3715EC4226D4122000B6751C /* SampleTrack.json */ = {isa = PBXFileReference; lastKnownFileType = text.json; path = SampleTrack.json; sourceTree = "<group>"; };
		3715EC4426D4124200B6751C /* MockKeywordDataSource.swift */ = {isa = PBXFileReference; lastKnownFileType = sourcecode.swift; path = MockKeywordDataSource.swift; sourceTree = "<group>"; };
		3715EC4626D4125000B6751C /* MockTrackDataSource.swift */ = {isa = PBXFileReference; lastKnownFileType = sourcecode.swift; path = MockTrackDataSource.swift; sourceTree = "<group>"; };
		3715EC4826D412CC00B6751C /* TrackDataSourceTest.swift */ = {isa = PBXFileReference; lastKnownFileType = sourcecode.swift; path = TrackDataSourceTest.swift; sourceTree = "<group>"; };
		3715EC4A26D412F500B6751C /* TrackDTOTest.swift */ = {isa = PBXFileReference; lastKnownFileType = sourcecode.swift; path = TrackDTOTest.swift; sourceTree = "<group>"; };
		3715EC4C26D4131700B6751C /* TrackRepositoryTest.swift */ = {isa = PBXFileReference; lastKnownFileType = sourcecode.swift; path = TrackRepositoryTest.swift; sourceTree = "<group>"; };
		3715EC4E26D4133D00B6751C /* TrackUseCaseTest.swift */ = {isa = PBXFileReference; lastKnownFileType = sourcecode.swift; path = TrackUseCaseTest.swift; sourceTree = "<group>"; };
		3715EC5126D4137000B6751C /* SearchMainViewModelTest.swift */ = {isa = PBXFileReference; lastKnownFileType = sourcecode.swift; path = SearchMainViewModelTest.swift; sourceTree = "<group>"; };
		3715EC5426D4157200B6751C /* SearchResultViewModelTest.swift */ = {isa = PBXFileReference; lastKnownFileType = sourcecode.swift; path = SearchResultViewModelTest.swift; sourceTree = "<group>"; };
		377874D326CB5DAC00A9BF73 /* SettingViewController.swift */ = {isa = PBXFileReference; lastKnownFileType = sourcecode.swift; path = SettingViewController.swift; sourceTree = "<group>"; };
		377874D526CB5F5B00A9BF73 /* SettingViewController.storyboard */ = {isa = PBXFileReference; lastKnownFileType = file.storyboard; path = SettingViewController.storyboard; sourceTree = "<group>"; };
		377874DB26CE008100A9BF73 /* SignInViewController.swift */ = {isa = PBXFileReference; lastKnownFileType = sourcecode.swift; path = SignInViewController.swift; sourceTree = "<group>"; };
		377874DD26CE00AC00A9BF73 /* SignInViewController.storyboard */ = {isa = PBXFileReference; lastKnownFileType = file.storyboard; path = SignInViewController.storyboard; sourceTree = "<group>"; };
		377874E026CE019000A9BF73 /* AuthService.swift */ = {isa = PBXFileReference; lastKnownFileType = sourcecode.swift; path = AuthService.swift; sourceTree = "<group>"; };
		3781ED8C26BBA9EC00404A9D /* TrackAPIDataSource.swift */ = {isa = PBXFileReference; lastKnownFileType = sourcecode.swift; path = TrackAPIDataSource.swift; sourceTree = "<group>"; };
		3781ED8E26BBB8EE00404A9D /* Application.swift */ = {isa = PBXFileReference; lastKnownFileType = sourcecode.swift; path = Application.swift; sourceTree = "<group>"; };
		3781ED9426BBF9BF00404A9D /* SearchMainModel.swift */ = {isa = PBXFileReference; lastKnownFileType = sourcecode.swift; path = SearchMainModel.swift; sourceTree = "<group>"; };
		3781ED9626BBFA0300404A9D /* SearchResultModel.swift */ = {isa = PBXFileReference; lastKnownFileType = sourcecode.swift; path = SearchResultModel.swift; sourceTree = "<group>"; };
		3782ED6B26B93FC300CB3711 /* KeywordUseCaseImpl.swift */ = {isa = PBXFileReference; lastKnownFileType = sourcecode.swift; path = KeywordUseCaseImpl.swift; sourceTree = "<group>"; };
		37851DE626BA7BD100491D05 /* TrackUseCaseImpl.swift */ = {isa = PBXFileReference; lastKnownFileType = sourcecode.swift; path = TrackUseCaseImpl.swift; sourceTree = "<group>"; };
		37851DEB26BA7D8900491D05 /* Track.swift */ = {isa = PBXFileReference; lastKnownFileType = sourcecode.swift; path = Track.swift; sourceTree = "<group>"; };
		37851DED26BA7E3F00491D05 /* DBObjectConvertableType.swift */ = {isa = PBXFileReference; lastKnownFileType = sourcecode.swift; path = DBObjectConvertableType.swift; sourceTree = "<group>"; };
		37851DEF26BA89B500491D05 /* DBObject.swift */ = {isa = PBXFileReference; lastKnownFileType = sourcecode.swift; path = DBObject.swift; sourceTree = "<group>"; };
		37851DF126BA994000491D05 /* TrackAPI.swift */ = {isa = PBXFileReference; lastKnownFileType = sourcecode.swift; path = TrackAPI.swift; sourceTree = "<group>"; };
		3793D16626BE927600999C81 /* SearchDetailViewController.swift */ = {isa = PBXFileReference; lastKnownFileType = sourcecode.swift; path = SearchDetailViewController.swift; sourceTree = "<group>"; };
		3793D16826BE92AD00999C81 /* SearchDetailViewModel.swift */ = {isa = PBXFileReference; lastKnownFileType = sourcecode.swift; path = SearchDetailViewModel.swift; sourceTree = "<group>"; };
		3793D16A26BE92E200999C81 /* SearchDetailModel.swift */ = {isa = PBXFileReference; lastKnownFileType = sourcecode.swift; path = SearchDetailModel.swift; sourceTree = "<group>"; };
		3793D16D26BE931100999C81 /* DetailPreviewCell.xib */ = {isa = PBXFileReference; fileEncoding = 4; lastKnownFileType = file.xib; path = DetailPreviewCell.xib; sourceTree = "<group>"; };
		3793D16E26BE931100999C81 /* DetailPreviewCell.swift */ = {isa = PBXFileReference; fileEncoding = 4; lastKnownFileType = sourcecode.swift; path = DetailPreviewCell.swift; sourceTree = "<group>"; };
		3793D16F26BE931100999C81 /* DetailVerticalInfoCell.swift */ = {isa = PBXFileReference; fileEncoding = 4; lastKnownFileType = sourcecode.swift; path = DetailVerticalInfoCell.swift; sourceTree = "<group>"; };
		3793D17026BE931100999C81 /* DetailSellerInfoCell.swift */ = {isa = PBXFileReference; fileEncoding = 4; lastKnownFileType = sourcecode.swift; path = DetailSellerInfoCell.swift; sourceTree = "<group>"; };
		3793D17126BE931100999C81 /* DetailReleaseNotesCell.swift */ = {isa = PBXFileReference; fileEncoding = 4; lastKnownFileType = sourcecode.swift; path = DetailReleaseNotesCell.swift; sourceTree = "<group>"; };
		3793D17226BE931100999C81 /* DetailDescriptionCell.xib */ = {isa = PBXFileReference; fileEncoding = 4; lastKnownFileType = file.xib; path = DetailDescriptionCell.xib; sourceTree = "<group>"; };
		3793D17326BE931100999C81 /* DetailPreviewImageCell.swift */ = {isa = PBXFileReference; fileEncoding = 4; lastKnownFileType = sourcecode.swift; path = DetailPreviewImageCell.swift; sourceTree = "<group>"; };
		3793D17426BE931100999C81 /* DetailHorizontalInfoCell.xib */ = {isa = PBXFileReference; fileEncoding = 4; lastKnownFileType = file.xib; path = DetailHorizontalInfoCell.xib; sourceTree = "<group>"; };
		3793D17526BE931200999C81 /* DetailReleaseNotesCell.xib */ = {isa = PBXFileReference; fileEncoding = 4; lastKnownFileType = file.xib; path = DetailReleaseNotesCell.xib; sourceTree = "<group>"; };
		3793D17626BE931200999C81 /* DetailHeaderCell.swift */ = {isa = PBXFileReference; fileEncoding = 4; lastKnownFileType = sourcecode.swift; path = DetailHeaderCell.swift; sourceTree = "<group>"; };
		3793D17726BE931200999C81 /* DetailVerticalInfoCell.xib */ = {isa = PBXFileReference; fileEncoding = 4; lastKnownFileType = file.xib; path = DetailVerticalInfoCell.xib; sourceTree = "<group>"; };
		3793D17826BE931200999C81 /* DetailHeaderCell.xib */ = {isa = PBXFileReference; fileEncoding = 4; lastKnownFileType = file.xib; path = DetailHeaderCell.xib; sourceTree = "<group>"; };
		3793D17926BE931200999C81 /* DetailDescriptionCell.swift */ = {isa = PBXFileReference; fileEncoding = 4; lastKnownFileType = sourcecode.swift; path = DetailDescriptionCell.swift; sourceTree = "<group>"; };
		3793D17A26BE931200999C81 /* DetailHorizontalInfoCell.swift */ = {isa = PBXFileReference; fileEncoding = 4; lastKnownFileType = sourcecode.swift; path = DetailHorizontalInfoCell.swift; sourceTree = "<group>"; };
		3793D17B26BE931200999C81 /* DetailSellerInfoCell.xib */ = {isa = PBXFileReference; fileEncoding = 4; lastKnownFileType = file.xib; path = DetailSellerInfoCell.xib; sourceTree = "<group>"; };
		3793D17C26BE931200999C81 /* DetailPreviewImageCell.xib */ = {isa = PBXFileReference; fileEncoding = 4; lastKnownFileType = file.xib; path = DetailPreviewImageCell.xib; sourceTree = "<group>"; };
		3793D18D26BE97B600999C81 /* UIView+Ext.swift */ = {isa = PBXFileReference; lastKnownFileType = sourcecode.swift; path = "UIView+Ext.swift"; sourceTree = "<group>"; };
		3793D18F26BE97DD00999C81 /* String+Ext.swift */ = {isa = PBXFileReference; lastKnownFileType = sourcecode.swift; path = "String+Ext.swift"; sourceTree = "<group>"; };
		3793D19126BE980400999C81 /* Int64+Ext.swift */ = {isa = PBXFileReference; lastKnownFileType = sourcecode.swift; path = "Int64+Ext.swift"; sourceTree = "<group>"; };
		3793D19326BE982900999C81 /* Date+Ext.swift */ = {isa = PBXFileReference; lastKnownFileType = sourcecode.swift; path = "Date+Ext.swift"; sourceTree = "<group>"; };
		3793D19526BE988100999C81 /* SearchDetailViewController.storyboard */ = {isa = PBXFileReference; lastKnownFileType = file.storyboard; path = SearchDetailViewController.storyboard; sourceTree = "<group>"; };
		37941E5826CEA0D600B23F69 /* SignInFlow.swift */ = {isa = PBXFileReference; lastKnownFileType = sourcecode.swift; path = SignInFlow.swift; sourceTree = "<group>"; };
		37941E5A26CEA50F00B23F69 /* SignInViewModel.swift */ = {isa = PBXFileReference; lastKnownFileType = sourcecode.swift; path = SignInViewModel.swift; sourceTree = "<group>"; };
		37941E5C26CEB59A00B23F69 /* SettingViewModel.swift */ = {isa = PBXFileReference; lastKnownFileType = sourcecode.swift; path = SettingViewModel.swift; sourceTree = "<group>"; };
		37941E6126D2370B00B23F69 /* DIContainer.swift */ = {isa = PBXFileReference; lastKnownFileType = sourcecode.swift; path = DIContainer.swift; sourceTree = "<group>"; };
		37941E6B26D29BEA00B23F69 /* README.md */ = {isa = PBXFileReference; fileEncoding = 4; lastKnownFileType = net.daringfireball.markdown; path = README.md; sourceTree = "<group>"; };
		37941E7226D2AD2600B23F69 /* swiftgen.yml */ = {isa = PBXFileReference; fileEncoding = 4; lastKnownFileType = text.yaml; path = swiftgen.yml; sourceTree = "<group>"; };
		37941E7526D2AE5A00B23F69 /* XCAssets+Generated.swift */ = {isa = PBXFileReference; fileEncoding = 4; lastKnownFileType = sourcecode.swift; path = "XCAssets+Generated.swift"; sourceTree = "<group>"; };
		37941E7726D2AFA600B23F69 /* .swiftlint.yml */ = {isa = PBXFileReference; fileEncoding = 4; lastKnownFileType = text.yaml; path = .swiftlint.yml; sourceTree = "<group>"; };
		37C1C47926B7E00400151E68 /* MainFlow.swift */ = {isa = PBXFileReference; lastKnownFileType = sourcecode.swift; path = MainFlow.swift; sourceTree = "<group>"; };
		37C1C47B26B7EA9E00151E68 /* SearchFlow.swift */ = {isa = PBXFileReference; lastKnownFileType = sourcecode.swift; path = SearchFlow.swift; sourceTree = "<group>"; };
		37C1C47D26B7EAAE00151E68 /* SettingFlow.swift */ = {isa = PBXFileReference; lastKnownFileType = sourcecode.swift; path = SettingFlow.swift; sourceTree = "<group>"; };
		37C1C48526B8145100151E68 /* SearchMainViewController.swift */ = {isa = PBXFileReference; lastKnownFileType = sourcecode.swift; path = SearchMainViewController.swift; sourceTree = "<group>"; };
		37C1C48E26B8198E00151E68 /* SearchMainViewController.storyboard */ = {isa = PBXFileReference; lastKnownFileType = file.storyboard; path = SearchMainViewController.storyboard; sourceTree = "<group>"; };
		37C1C49126B81DE900151E68 /* SearchResultViewController.swift */ = {isa = PBXFileReference; lastKnownFileType = sourcecode.swift; path = SearchResultViewController.swift; sourceTree = "<group>"; };
		37C1C49326B81DF500151E68 /* SearchResultViewController.storyboard */ = {isa = PBXFileReference; lastKnownFileType = file.storyboard; path = SearchResultViewController.storyboard; sourceTree = "<group>"; };
		37C1C49626B8214700151E68 /* MainHeaderCell.xib */ = {isa = PBXFileReference; fileEncoding = 4; lastKnownFileType = file.xib; path = MainHeaderCell.xib; sourceTree = "<group>"; };
		37C1C49726B8214700151E68 /* MainHeaderCell.swift */ = {isa = PBXFileReference; fileEncoding = 4; lastKnownFileType = sourcecode.swift; path = MainHeaderCell.swift; sourceTree = "<group>"; };
		37C1C49826B8214700151E68 /* MainRecentKeywordCell.xib */ = {isa = PBXFileReference; fileEncoding = 4; lastKnownFileType = file.xib; path = MainRecentKeywordCell.xib; sourceTree = "<group>"; };
		37C1C49926B8214700151E68 /* MainRecentKeywordCell.swift */ = {isa = PBXFileReference; fileEncoding = 4; lastKnownFileType = sourcecode.swift; path = MainRecentKeywordCell.swift; sourceTree = "<group>"; };
		37C1C49E26B8228900151E68 /* SearchMainViewModel.swift */ = {isa = PBXFileReference; lastKnownFileType = sourcecode.swift; path = SearchMainViewModel.swift; sourceTree = "<group>"; };
		37C1C4A626B8291900151E68 /* ViewModelType.swift */ = {isa = PBXFileReference; lastKnownFileType = sourcecode.swift; path = ViewModelType.swift; sourceTree = "<group>"; };
		37C1C4A826B8376800151E68 /* SearchResultViewModel.swift */ = {isa = PBXFileReference; lastKnownFileType = sourcecode.swift; path = SearchResultViewModel.swift; sourceTree = "<group>"; };
		37C1C4AB26B8388B00151E68 /* SearchRecentKeywordCell.xib */ = {isa = PBXFileReference; fileEncoding = 4; lastKnownFileType = file.xib; path = SearchRecentKeywordCell.xib; sourceTree = "<group>"; };
		37C1C4AC26B8388B00151E68 /* SearchRecentKeywordCell.swift */ = {isa = PBXFileReference; fileEncoding = 4; lastKnownFileType = sourcecode.swift; path = SearchRecentKeywordCell.swift; sourceTree = "<group>"; };
		37C1C4AD26B8388B00151E68 /* SearchTrackCell.xib */ = {isa = PBXFileReference; fileEncoding = 4; lastKnownFileType = file.xib; path = SearchTrackCell.xib; sourceTree = "<group>"; };
		37C1C4AE26B8388B00151E68 /* SearchTrackCell.swift */ = {isa = PBXFileReference; fileEncoding = 4; lastKnownFileType = sourcecode.swift; path = SearchTrackCell.swift; sourceTree = "<group>"; };
		37C1C4BB26B8412000151E68 /* Double+Ext.swift */ = {isa = PBXFileReference; lastKnownFileType = sourcecode.swift; path = "Double+Ext.swift"; sourceTree = "<group>"; };
		37C1C4E026B901FB00151E68 /* TrackRepository.swift */ = {isa = PBXFileReference; lastKnownFileType = sourcecode.swift; path = TrackRepository.swift; sourceTree = "<group>"; };
		37C1C4E226B9020600151E68 /* KeywordRepository.swift */ = {isa = PBXFileReference; lastKnownFileType = sourcecode.swift; path = KeywordRepository.swift; sourceTree = "<group>"; };
		37C1C4EC26B9033900151E68 /* Data.framework */ = {isa = PBXFileReference; explicitFileType = wrapper.framework; includeInIndex = 0; path = Data.framework; sourceTree = BUILT_PRODUCTS_DIR; };
		37C1C4EE26B9033A00151E68 /* Data.h */ = {isa = PBXFileReference; lastKnownFileType = sourcecode.c.h; path = Data.h; sourceTree = "<group>"; };
		37C1C4EF26B9033A00151E68 /* Info.plist */ = {isa = PBXFileReference; lastKnownFileType = text.plist.xml; path = Info.plist; sourceTree = "<group>"; };
		37C1C50F26B9039100151E68 /* TrackRepositoryImpl.swift */ = {isa = PBXFileReference; lastKnownFileType = sourcecode.swift; path = TrackRepositoryImpl.swift; sourceTree = "<group>"; };
		37C1C51126B9039A00151E68 /* KeywordRepositoryImpl.swift */ = {isa = PBXFileReference; lastKnownFileType = sourcecode.swift; path = KeywordRepositoryImpl.swift; sourceTree = "<group>"; };
		37C1C51526B904F700151E68 /* TrackDataSource.swift */ = {isa = PBXFileReference; lastKnownFileType = sourcecode.swift; path = TrackDataSource.swift; sourceTree = "<group>"; };
		37C1C51726B905CB00151E68 /* KeywordDataSource.swift */ = {isa = PBXFileReference; lastKnownFileType = sourcecode.swift; path = KeywordDataSource.swift; sourceTree = "<group>"; };
		37C1C51B26B90AB900151E68 /* KeywordRealmDataSource.swift */ = {isa = PBXFileReference; lastKnownFileType = sourcecode.swift; path = KeywordRealmDataSource.swift; sourceTree = "<group>"; };
		37C1C52C26B910D300151E68 /* RealmConvertableType.swift */ = {isa = PBXFileReference; lastKnownFileType = sourcecode.swift; path = RealmConvertableType.swift; sourceTree = "<group>"; };
		37C1C52E26B910E500151E68 /* DomainConvertableType.swift */ = {isa = PBXFileReference; lastKnownFileType = sourcecode.swift; path = DomainConvertableType.swift; sourceTree = "<group>"; };
		37C1C53B26B9159B00151E68 /* RMKeyword.swift */ = {isa = PBXFileReference; lastKnownFileType = sourcecode.swift; path = RMKeyword.swift; sourceTree = "<group>"; };
		37E99B7B26B7B892002A840B /* AppStoreSample.app */ = {isa = PBXFileReference; explicitFileType = wrapper.application; includeInIndex = 0; path = AppStoreSample.app; sourceTree = BUILT_PRODUCTS_DIR; };
		37E99B7E26B7B892002A840B /* AppDelegate.swift */ = {isa = PBXFileReference; lastKnownFileType = sourcecode.swift; path = AppDelegate.swift; sourceTree = "<group>"; };
		37E99B8726B7B892002A840B /* Assets.xcassets */ = {isa = PBXFileReference; lastKnownFileType = folder.assetcatalog; path = Assets.xcassets; sourceTree = "<group>"; };
		37E99B8A26B7B892002A840B /* Base */ = {isa = PBXFileReference; lastKnownFileType = file.storyboard; name = Base; path = Base.lproj/LaunchScreen.storyboard; sourceTree = "<group>"; };
		37E99B8C26B7B892002A840B /* Info.plist */ = {isa = PBXFileReference; lastKnownFileType = text.plist.xml; path = Info.plist; sourceTree = "<group>"; };
		37E99B9726B7B92A002A840B /* Domain.framework */ = {isa = PBXFileReference; explicitFileType = wrapper.framework; includeInIndex = 0; path = Domain.framework; sourceTree = BUILT_PRODUCTS_DIR; };
		37E99B9926B7B92A002A840B /* Domain.h */ = {isa = PBXFileReference; lastKnownFileType = sourcecode.c.h; path = Domain.h; sourceTree = "<group>"; };
		37E99B9A26B7B92A002A840B /* Info.plist */ = {isa = PBXFileReference; lastKnownFileType = text.plist.xml; path = Info.plist; sourceTree = "<group>"; };
		37E99BBE26B7B95A002A840B /* Track.swift */ = {isa = PBXFileReference; lastKnownFileType = sourcecode.swift; path = Track.swift; sourceTree = "<group>"; };
		37E99BC026B7B964002A840B /* Keyword.swift */ = {isa = PBXFileReference; lastKnownFileType = sourcecode.swift; path = Keyword.swift; sourceTree = "<group>"; };
		37E99BC426B7B9D5002A840B /* TrackUseCase.swift */ = {isa = PBXFileReference; lastKnownFileType = sourcecode.swift; path = TrackUseCase.swift; sourceTree = "<group>"; };
		37E99BC626B7B9DD002A840B /* KeywordUseCase.swift */ = {isa = PBXFileReference; lastKnownFileType = sourcecode.swift; path = KeywordUseCase.swift; sourceTree = "<group>"; };
		37E99BCD26B7BDBD002A840B /* AppFlow.swift */ = {isa = PBXFileReference; lastKnownFileType = sourcecode.swift; path = AppFlow.swift; sourceTree = "<group>"; };
		4776530808CACFF4FA0C7223 /* Pods-Data.release.xcconfig */ = {isa = PBXFileReference; includeInIndex = 1; lastKnownFileType = text.xcconfig; name = "Pods-Data.release.xcconfig"; path = "Target Support Files/Pods-Data/Pods-Data.release.xcconfig"; sourceTree = "<group>"; };
		6B8226809ED3FB13749A0045 /* Pods_Domain.framework */ = {isa = PBXFileReference; explicitFileType = wrapper.framework; includeInIndex = 0; path = Pods_Domain.framework; sourceTree = BUILT_PRODUCTS_DIR; };
		80E6B82C9FD6B949E12BFF93 /* Pods_Domain_DomainTests.framework */ = {isa = PBXFileReference; explicitFileType = wrapper.framework; includeInIndex = 0; path = Pods_Domain_DomainTests.framework; sourceTree = BUILT_PRODUCTS_DIR; };
		86156F544584C38E55685644 /* Pods-Data.debug.xcconfig */ = {isa = PBXFileReference; includeInIndex = 1; lastKnownFileType = text.xcconfig; name = "Pods-Data.debug.xcconfig"; path = "Target Support Files/Pods-Data/Pods-Data.debug.xcconfig"; sourceTree = "<group>"; };
		8739C34AE11320B9272BCF52 /* Pods_Data.framework */ = {isa = PBXFileReference; explicitFileType = wrapper.framework; includeInIndex = 0; path = Pods_Data.framework; sourceTree = BUILT_PRODUCTS_DIR; };
		90986E66441EAA7E4EB5F466 /* Pods-Domain.release.xcconfig */ = {isa = PBXFileReference; includeInIndex = 1; lastKnownFileType = text.xcconfig; name = "Pods-Domain.release.xcconfig"; path = "Target Support Files/Pods-Domain/Pods-Domain.release.xcconfig"; sourceTree = "<group>"; };
		99C60F5FB8349A851D4EC4B1 /* Pods-Domain-DomainTests.debug.xcconfig */ = {isa = PBXFileReference; includeInIndex = 1; lastKnownFileType = text.xcconfig; name = "Pods-Domain-DomainTests.debug.xcconfig"; path = "Target Support Files/Pods-Domain-DomainTests/Pods-Domain-DomainTests.debug.xcconfig"; sourceTree = "<group>"; };
		A4ED2E7500D15B5DC8205387 /* Pods-Domain-DomainTests.release.xcconfig */ = {isa = PBXFileReference; includeInIndex = 1; lastKnownFileType = text.xcconfig; name = "Pods-Domain-DomainTests.release.xcconfig"; path = "Target Support Files/Pods-Domain-DomainTests/Pods-Domain-DomainTests.release.xcconfig"; sourceTree = "<group>"; };
		AE294AEAF265F7001F59FAD8 /* Pods-Domain.debug.xcconfig */ = {isa = PBXFileReference; includeInIndex = 1; lastKnownFileType = text.xcconfig; name = "Pods-Domain.debug.xcconfig"; path = "Target Support Files/Pods-Domain/Pods-Domain.debug.xcconfig"; sourceTree = "<group>"; };
		BC5CD48BAFF92E551C2029FC /* Pods-AppStoreSample-AppStoreSampleTests.debug.xcconfig */ = {isa = PBXFileReference; includeInIndex = 1; lastKnownFileType = text.xcconfig; name = "Pods-AppStoreSample-AppStoreSampleTests.debug.xcconfig"; path = "Target Support Files/Pods-AppStoreSample-AppStoreSampleTests/Pods-AppStoreSample-AppStoreSampleTests.debug.xcconfig"; sourceTree = "<group>"; };
		C0DD719B6B53C40ED841E84D /* Pods-Data-DataTests.release.xcconfig */ = {isa = PBXFileReference; includeInIndex = 1; lastKnownFileType = text.xcconfig; name = "Pods-Data-DataTests.release.xcconfig"; path = "Target Support Files/Pods-Data-DataTests/Pods-Data-DataTests.release.xcconfig"; sourceTree = "<group>"; };
		C220802F5B190135BC199271 /* Pods_Data_DataTests.framework */ = {isa = PBXFileReference; explicitFileType = wrapper.framework; includeInIndex = 0; path = Pods_Data_DataTests.framework; sourceTree = BUILT_PRODUCTS_DIR; };
		E3DDB27759163AF2910E14FD /* Pods-Data-DataTests.debug.xcconfig */ = {isa = PBXFileReference; includeInIndex = 1; lastKnownFileType = text.xcconfig; name = "Pods-Data-DataTests.debug.xcconfig"; path = "Target Support Files/Pods-Data-DataTests/Pods-Data-DataTests.debug.xcconfig"; sourceTree = "<group>"; };
		EA9CEB65ABA04CF93A2939DA /* Pods_AppStoreSample_AppStoreSampleTests.framework */ = {isa = PBXFileReference; explicitFileType = wrapper.framework; includeInIndex = 0; path = Pods_AppStoreSample_AppStoreSampleTests.framework; sourceTree = BUILT_PRODUCTS_DIR; };
		F3EBF40F1B004C813CF16071 /* Pods_AppStoreSample.framework */ = {isa = PBXFileReference; explicitFileType = wrapper.framework; includeInIndex = 0; path = Pods_AppStoreSample.framework; sourceTree = BUILT_PRODUCTS_DIR; };
		F6E196A24A74AB382BE63EF9 /* Pods-AppStoreSample.debug.xcconfig */ = {isa = PBXFileReference; includeInIndex = 1; lastKnownFileType = text.xcconfig; name = "Pods-AppStoreSample.debug.xcconfig"; path = "Target Support Files/Pods-AppStoreSample/Pods-AppStoreSample.debug.xcconfig"; sourceTree = "<group>"; };
/* End PBXFileReference section */

/* Begin PBXFrameworksBuildPhase section */
		3715EC1926D4107200B6751C /* Frameworks */ = {
			isa = PBXFrameworksBuildPhase;
			buildActionMask = 2147483647;
			files = (
				484DDF5A740A7459AAE5CAA2 /* Pods_AppStoreSample_AppStoreSampleTests.framework in Frameworks */,
			);
			runOnlyForDeploymentPostprocessing = 0;
		};
		37C1C4E926B9033900151E68 /* Frameworks */ = {
			isa = PBXFrameworksBuildPhase;
			buildActionMask = 2147483647;
			files = (
				D1696E225F4942150695276C /* Pods_Data.framework in Frameworks */,
			);
			runOnlyForDeploymentPostprocessing = 0;
		};
		37E99B7826B7B892002A840B /* Frameworks */ = {
			isa = PBXFrameworksBuildPhase;
			buildActionMask = 2147483647;
			files = (
				37C1C50126B9033A00151E68 /* Data.framework in Frameworks */,
				37E99BAC26B7B92A002A840B /* Domain.framework in Frameworks */,
				46E3F3ECA7455F3C2F23552D /* Pods_AppStoreSample.framework in Frameworks */,
				CAB33C64954644FF22CAA4A0 /* (null) in Frameworks */,
			);
			runOnlyForDeploymentPostprocessing = 0;
		};
		37E99B9426B7B92A002A840B /* Frameworks */ = {
			isa = PBXFrameworksBuildPhase;
			buildActionMask = 2147483647;
			files = (
				699858BDB903C18CC27A3AB3 /* Pods_Domain.framework in Frameworks */,
			);
			runOnlyForDeploymentPostprocessing = 0;
		};
/* End PBXFrameworksBuildPhase section */

/* Begin PBXGroup section */
		09CA747F2B6819BAE7D9E9FA /* Pods */ = {
			isa = PBXGroup;
			children = (
				F6E196A24A74AB382BE63EF9 /* Pods-AppStoreSample.debug.xcconfig */,
				33A1863F4A8B34B814F3DB8D /* Pods-AppStoreSample.release.xcconfig */,
				86156F544584C38E55685644 /* Pods-Data.debug.xcconfig */,
				4776530808CACFF4FA0C7223 /* Pods-Data.release.xcconfig */,
				E3DDB27759163AF2910E14FD /* Pods-Data-DataTests.debug.xcconfig */,
				C0DD719B6B53C40ED841E84D /* Pods-Data-DataTests.release.xcconfig */,
				AE294AEAF265F7001F59FAD8 /* Pods-Domain.debug.xcconfig */,
				90986E66441EAA7E4EB5F466 /* Pods-Domain.release.xcconfig */,
				99C60F5FB8349A851D4EC4B1 /* Pods-Domain-DomainTests.debug.xcconfig */,
				A4ED2E7500D15B5DC8205387 /* Pods-Domain-DomainTests.release.xcconfig */,
				BC5CD48BAFF92E551C2029FC /* Pods-AppStoreSample-AppStoreSampleTests.debug.xcconfig */,
				12E72FF7E9EED8C6E6295A45 /* Pods-AppStoreSample-AppStoreSampleTests.release.xcconfig */,
			);
			path = Pods;
			sourceTree = "<group>";
		};
		3715EC1D26D4107200B6751C /* AppStoreSampleTests */ = {
			isa = PBXGroup;
			children = (
				3715EC3A26D4117700B6751C /* Presentation */,
				3715EC3C26D4118A00B6751C /* UseCase */,
				3715EC3B26D4118100B6751C /* Repository */,
				3715EC3726D4115700B6751C /* DataSource */,
				3715EC3926D4117000B6751C /* Mock */,
				3715EC3D26D4119000B6751C /* Util */,
				3715EC2726D4109300B6751C /* Info.plist */,
			);
			path = AppStoreSampleTests;
			sourceTree = "<group>";
		};
		3715EC3726D4115700B6751C /* DataSource */ = {
			isa = PBXGroup;
			children = (
				3715EC3826D4116400B6751C /* TrackDataSource */,
			);
			path = DataSource;
			sourceTree = "<group>";
		};
		3715EC3826D4116400B6751C /* TrackDataSource */ = {
			isa = PBXGroup;
			children = (
				3715EC4826D412CC00B6751C /* TrackDataSourceTest.swift */,
				3715EC4A26D412F500B6751C /* TrackDTOTest.swift */,
			);
			path = TrackDataSource;
			sourceTree = "<group>";
		};
		3715EC3926D4117000B6751C /* Mock */ = {
			isa = PBXGroup;
			children = (
				3715EC4026D4120200B6751C /* SampleData.json */,
				3715EC4226D4122000B6751C /* SampleTrack.json */,
				3715EC4426D4124200B6751C /* MockKeywordDataSource.swift */,
				3715EC4626D4125000B6751C /* MockTrackDataSource.swift */,
			);
			path = Mock;
			sourceTree = "<group>";
		};
		3715EC3A26D4117700B6751C /* Presentation */ = {
			isa = PBXGroup;
			children = (
				3715EC5026D4136100B6751C /* SearchScene */,
			);
			path = Presentation;
			sourceTree = "<group>";
		};
		3715EC3B26D4118100B6751C /* Repository */ = {
			isa = PBXGroup;
			children = (
				3715EC4C26D4131700B6751C /* TrackRepositoryTest.swift */,
			);
			path = Repository;
			sourceTree = "<group>";
		};
		3715EC3C26D4118A00B6751C /* UseCase */ = {
			isa = PBXGroup;
			children = (
				3715EC4E26D4133D00B6751C /* TrackUseCaseTest.swift */,
			);
			path = UseCase;
			sourceTree = "<group>";
		};
		3715EC3D26D4119000B6751C /* Util */ = {
			isa = PBXGroup;
			children = (
				3715EC3E26D411CD00B6751C /* Data+JSON.swift */,
			);
			path = Util;
			sourceTree = "<group>";
		};
		3715EC5026D4136100B6751C /* SearchScene */ = {
			isa = PBXGroup;
			children = (
				3715EC5126D4137000B6751C /* SearchMainViewModelTest.swift */,
				3715EC5426D4157200B6751C /* SearchResultViewModelTest.swift */,
			);
			path = SearchScene;
			sourceTree = "<group>";
		};
		37242B0226CAAA76008AF1C4 /* ValueObject */ = {
			isa = PBXGroup;
			children = (
				37E99BC026B7B964002A840B /* Keyword.swift */,
			);
			path = ValueObject;
			sourceTree = "<group>";
		};
		377874D826CE005700A9BF73 /* SignInScene */ = {
			isa = PBXGroup;
			children = (
				377874DB26CE008100A9BF73 /* SignInViewController.swift */,
				37941E5A26CEA50F00B23F69 /* SignInViewModel.swift */,
				377874DD26CE00AC00A9BF73 /* SignInViewController.storyboard */,
			);
			path = SignInScene;
			sourceTree = "<group>";
		};
		377874DF26CE014C00A9BF73 /* Service */ = {
			isa = PBXGroup;
			children = (
				377874E026CE019000A9BF73 /* AuthService.swift */,
			);
			path = Service;
			sourceTree = "<group>";
		};
		3782ED6A26B93F7600CB3711 /* UseCase */ = {
			isa = PBXGroup;
			children = (
				3782ED6B26B93FC300CB3711 /* KeywordUseCaseImpl.swift */,
				37851DE626BA7BD100491D05 /* TrackUseCaseImpl.swift */,
			);
			path = UseCase;
			sourceTree = "<group>";
		};
		37851DE826BA7C5C00491D05 /* Storage */ = {
			isa = PBXGroup;
			children = (
				37C1C51A26B90A2E00151E68 /* Realm */,
			);
			path = Storage;
			sourceTree = "<group>";
		};
		37851DE926BA7C6F00491D05 /* Network */ = {
			isa = PBXGroup;
			children = (
				37C1C51926B90A1F00151E68 /* TrackAPI */,
			);
			path = Network;
			sourceTree = "<group>";
		};
		37851DEA26BA7D7D00491D05 /* Entity */ = {
			isa = PBXGroup;
			children = (
				37851DEF26BA89B500491D05 /* DBObject.swift */,
				37851DED26BA7E3F00491D05 /* DBObjectConvertableType.swift */,
				37851DEB26BA7D8900491D05 /* Track.swift */,
			);
			path = Entity;
			sourceTree = "<group>";
		};
		3793D16526BE926200999C81 /* Detail */ = {
			isa = PBXGroup;
			children = (
				3793D16C26BE92FF00999C81 /* Cell */,
				3793D16626BE927600999C81 /* SearchDetailViewController.swift */,
				3793D16826BE92AD00999C81 /* SearchDetailViewModel.swift */,
				3793D16A26BE92E200999C81 /* SearchDetailModel.swift */,
				3793D19526BE988100999C81 /* SearchDetailViewController.storyboard */,
			);
			path = Detail;
			sourceTree = "<group>";
		};
		3793D16C26BE92FF00999C81 /* Cell */ = {
			isa = PBXGroup;
			children = (
				3793D17926BE931200999C81 /* DetailDescriptionCell.swift */,
				3793D17226BE931100999C81 /* DetailDescriptionCell.xib */,
				3793D17626BE931200999C81 /* DetailHeaderCell.swift */,
				3793D17826BE931200999C81 /* DetailHeaderCell.xib */,
				3793D17A26BE931200999C81 /* DetailHorizontalInfoCell.swift */,
				3793D17426BE931100999C81 /* DetailHorizontalInfoCell.xib */,
				3793D16E26BE931100999C81 /* DetailPreviewCell.swift */,
				3793D16D26BE931100999C81 /* DetailPreviewCell.xib */,
				3793D17326BE931100999C81 /* DetailPreviewImageCell.swift */,
				3793D17C26BE931200999C81 /* DetailPreviewImageCell.xib */,
				3793D17126BE931100999C81 /* DetailReleaseNotesCell.swift */,
				3793D17526BE931200999C81 /* DetailReleaseNotesCell.xib */,
				3793D17026BE931100999C81 /* DetailSellerInfoCell.swift */,
				3793D17B26BE931200999C81 /* DetailSellerInfoCell.xib */,
				3793D16F26BE931100999C81 /* DetailVerticalInfoCell.swift */,
				3793D17726BE931200999C81 /* DetailVerticalInfoCell.xib */,
			);
			path = Cell;
			sourceTree = "<group>";
		};
		37941E5E26D235F800B23F69 /* DI */ = {
			isa = PBXGroup;
			children = (
				37941E6126D2370B00B23F69 /* DIContainer.swift */,
			);
			path = DI;
			sourceTree = "<group>";
		};
		37941E6326D245DC00B23F69 /* AggregateRoot */ = {
			isa = PBXGroup;
			children = (
			);
			path = AggregateRoot;
			sourceTree = "<group>";
		};
		37941E6A26D2975700B23F69 /* Resource */ = {
			isa = PBXGroup;
			children = (
				37941E7426D2AE3E00B23F69 /* Generated */,
				37E99B8726B7B892002A840B /* Assets.xcassets */,
				37E99B8926B7B892002A840B /* LaunchScreen.storyboard */,
				37E99B8C26B7B892002A840B /* Info.plist */,
			);
			path = Resource;
			sourceTree = "<group>";
		};
		37941E7426D2AE3E00B23F69 /* Generated */ = {
			isa = PBXGroup;
			children = (
				37941E7526D2AE5A00B23F69 /* XCAssets+Generated.swift */,
			);
			path = Generated;
			sourceTree = "<group>";
		};
		37C1C48126B80E6100151E68 /* Flow */ = {
			isa = PBXGroup;
			children = (
				37E99BCD26B7BDBD002A840B /* AppFlow.swift */,
				37941E5826CEA0D600B23F69 /* SignInFlow.swift */,
				37C1C47926B7E00400151E68 /* MainFlow.swift */,
				37C1C47B26B7EA9E00151E68 /* SearchFlow.swift */,
				37C1C47D26B7EAAE00151E68 /* SettingFlow.swift */,
			);
			path = Flow;
			sourceTree = "<group>";
		};
		37C1C48326B8140800151E68 /* Main */ = {
			isa = PBXGroup;
			children = (
				37C1C49526B8212E00151E68 /* Cell */,
				37C1C48526B8145100151E68 /* SearchMainViewController.swift */,
				37C1C49E26B8228900151E68 /* SearchMainViewModel.swift */,
				3781ED9426BBF9BF00404A9D /* SearchMainModel.swift */,
				37C1C48E26B8198E00151E68 /* SearchMainViewController.storyboard */,
			);
			path = Main;
			sourceTree = "<group>";
		};
		37C1C48926B8168300151E68 /* SearchScene */ = {
			isa = PBXGroup;
			children = (
				37C1C48326B8140800151E68 /* Main */,
				37C1C49026B81D1B00151E68 /* Result */,
				3793D16526BE926200999C81 /* Detail */,
			);
			path = SearchScene;
			sourceTree = "<group>";
		};
		37C1C48A26B816A300151E68 /* SettingScene */ = {
			isa = PBXGroup;
			children = (
				377874D326CB5DAC00A9BF73 /* SettingViewController.swift */,
				37941E5C26CEB59A00B23F69 /* SettingViewModel.swift */,
				377874D526CB5F5B00A9BF73 /* SettingViewController.storyboard */,
			);
			path = SettingScene;
			sourceTree = "<group>";
		};
		37C1C49026B81D1B00151E68 /* Result */ = {
			isa = PBXGroup;
			children = (
				37C1C4AA26B8386B00151E68 /* Cell */,
				37C1C49126B81DE900151E68 /* SearchResultViewController.swift */,
				37C1C4A826B8376800151E68 /* SearchResultViewModel.swift */,
				3781ED9626BBFA0300404A9D /* SearchResultModel.swift */,
				37C1C49326B81DF500151E68 /* SearchResultViewController.storyboard */,
			);
			path = Result;
			sourceTree = "<group>";
		};
		37C1C49526B8212E00151E68 /* Cell */ = {
			isa = PBXGroup;
			children = (
				37C1C49726B8214700151E68 /* MainHeaderCell.swift */,
				37C1C49626B8214700151E68 /* MainHeaderCell.xib */,
				37C1C49926B8214700151E68 /* MainRecentKeywordCell.swift */,
				37C1C49826B8214700151E68 /* MainRecentKeywordCell.xib */,
			);
			path = Cell;
			sourceTree = "<group>";
		};
		37C1C4A526B828FD00151E68 /* Common */ = {
			isa = PBXGroup;
			children = (
				37C1C4A626B8291900151E68 /* ViewModelType.swift */,
			);
			path = Common;
			sourceTree = "<group>";
		};
		37C1C4AA26B8386B00151E68 /* Cell */ = {
			isa = PBXGroup;
			children = (
				37C1C4AC26B8388B00151E68 /* SearchRecentKeywordCell.swift */,
				37C1C4AB26B8388B00151E68 /* SearchRecentKeywordCell.xib */,
				37C1C4AE26B8388B00151E68 /* SearchTrackCell.swift */,
				37C1C4AD26B8388B00151E68 /* SearchTrackCell.xib */,
			);
			path = Cell;
			sourceTree = "<group>";
		};
		37C1C4B926B840FB00151E68 /* Util */ = {
			isa = PBXGroup;
			children = (
				37C1C4BA26B8410400151E68 /* Extension */,
			);
			path = Util;
			sourceTree = "<group>";
		};
		37C1C4BA26B8410400151E68 /* Extension */ = {
			isa = PBXGroup;
			children = (
				37C1C4BB26B8412000151E68 /* Double+Ext.swift */,
				3793D18D26BE97B600999C81 /* UIView+Ext.swift */,
				3793D18F26BE97DD00999C81 /* String+Ext.swift */,
				3793D19126BE980400999C81 /* Int64+Ext.swift */,
				3793D19326BE982900999C81 /* Date+Ext.swift */,
			);
			path = Extension;
			sourceTree = "<group>";
		};
		37C1C4DF26B901DE00151E68 /* Repository */ = {
			isa = PBXGroup;
			children = (
				37C1C4E026B901FB00151E68 /* TrackRepository.swift */,
				37C1C4E226B9020600151E68 /* KeywordRepository.swift */,
			);
			path = Repository;
			sourceTree = "<group>";
		};
		37C1C4ED26B9033A00151E68 /* Data */ = {
			isa = PBXGroup;
			children = (
				3782ED6A26B93F7600CB3711 /* UseCase */,
				37C1C50A26B9035200151E68 /* Repository */,
				37C1C50926B9034C00151E68 /* DataSource */,
				37C1C4EE26B9033A00151E68 /* Data.h */,
				37C1C4EF26B9033A00151E68 /* Info.plist */,
			);
			path = Data;
			sourceTree = "<group>";
		};
		37C1C50926B9034C00151E68 /* DataSource */ = {
			isa = PBXGroup;
			children = (
				37851DE826BA7C5C00491D05 /* Storage */,
				37851DE926BA7C6F00491D05 /* Network */,
				37C1C51726B905CB00151E68 /* KeywordDataSource.swift */,
				37C1C51526B904F700151E68 /* TrackDataSource.swift */,
			);
			path = DataSource;
			sourceTree = "<group>";
		};
		37C1C50A26B9035200151E68 /* Repository */ = {
			isa = PBXGroup;
			children = (
				37C1C50F26B9039100151E68 /* TrackRepositoryImpl.swift */,
				37C1C51126B9039A00151E68 /* KeywordRepositoryImpl.swift */,
			);
			path = Repository;
			sourceTree = "<group>";
		};
		37C1C51926B90A1F00151E68 /* TrackAPI */ = {
			isa = PBXGroup;
			children = (
				37851DEA26BA7D7D00491D05 /* Entity */,
				37851DF126BA994000491D05 /* TrackAPI.swift */,
				3781ED8C26BBA9EC00404A9D /* TrackAPIDataSource.swift */,
			);
			path = TrackAPI;
			sourceTree = "<group>";
		};
		37C1C51A26B90A2E00151E68 /* Realm */ = {
			isa = PBXGroup;
			children = (
				37C1C52426B90F6E00151E68 /* Entity */,
				37C1C51B26B90AB900151E68 /* KeywordRealmDataSource.swift */,
			);
			path = Realm;
			sourceTree = "<group>";
		};
		37C1C52426B90F6E00151E68 /* Entity */ = {
			isa = PBXGroup;
			children = (
				37C1C52B26B910C100151E68 /* Conversion */,
				37C1C53B26B9159B00151E68 /* RMKeyword.swift */,
			);
			path = Entity;
			sourceTree = "<group>";
		};
		37C1C52B26B910C100151E68 /* Conversion */ = {
			isa = PBXGroup;
			children = (
				37C1C52C26B910D300151E68 /* RealmConvertableType.swift */,
			);
			path = Conversion;
			sourceTree = "<group>";
		};
		37E99B7226B7B892002A840B = {
			isa = PBXGroup;
			children = (
				37941E6B26D29BEA00B23F69 /* README.md */,
				37941E7226D2AD2600B23F69 /* swiftgen.yml */,
				37941E7726D2AFA600B23F69 /* .swiftlint.yml */,
				37E99B7D26B7B892002A840B /* AppStoreSample */,
				37E99B9826B7B92A002A840B /* Domain */,
				37C1C4ED26B9033A00151E68 /* Data */,
				3715EC1D26D4107200B6751C /* AppStoreSampleTests */,
				37E99B7C26B7B892002A840B /* Products */,
				09CA747F2B6819BAE7D9E9FA /* Pods */,
				89FB1D8F4EC8C775B61B9134 /* Frameworks */,
			);
			sourceTree = "<group>";
		};
		37E99B7C26B7B892002A840B /* Products */ = {
			isa = PBXGroup;
			children = (
				37E99B7B26B7B892002A840B /* AppStoreSample.app */,
				37E99B9726B7B92A002A840B /* Domain.framework */,
				37C1C4EC26B9033900151E68 /* Data.framework */,
				3715EC1C26D4107200B6751C /* AppStoreSampleTests.xctest */,
			);
			name = Products;
			sourceTree = "<group>";
		};
		37E99B7D26B7B892002A840B /* AppStoreSample */ = {
			isa = PBXGroup;
			children = (
				37E99BC826B7BBE6002A840B /* Application */,
				37E99BC926B7BBF2002A840B /* Presentation */,
				377874DF26CE014C00A9BF73 /* Service */,
				37C1C4B926B840FB00151E68 /* Util */,
				37941E6A26D2975700B23F69 /* Resource */,
			);
			path = AppStoreSample;
			sourceTree = "<group>";
		};
		37E99B9826B7B92A002A840B /* Domain */ = {
			isa = PBXGroup;
			children = (
				37E99BC226B7B969002A840B /* Entity */,
				37242B0226CAAA76008AF1C4 /* ValueObject */,
				37941E6326D245DC00B23F69 /* AggregateRoot */,
				37E99BC326B7B972002A840B /* UseCase */,
				37C1C4DF26B901DE00151E68 /* Repository */,
				37C1C52E26B910E500151E68 /* DomainConvertableType.swift */,
				37E99B9926B7B92A002A840B /* Domain.h */,
				37E99B9A26B7B92A002A840B /* Info.plist */,
			);
			path = Domain;
			sourceTree = "<group>";
		};
		37E99BC226B7B969002A840B /* Entity */ = {
			isa = PBXGroup;
			children = (
				37E99BBE26B7B95A002A840B /* Track.swift */,
			);
			path = Entity;
			sourceTree = "<group>";
		};
		37E99BC326B7B972002A840B /* UseCase */ = {
			isa = PBXGroup;
			children = (
				37E99BC426B7B9D5002A840B /* TrackUseCase.swift */,
				37E99BC626B7B9DD002A840B /* KeywordUseCase.swift */,
			);
			path = UseCase;
			sourceTree = "<group>";
		};
		37E99BC826B7BBE6002A840B /* Application */ = {
			isa = PBXGroup;
			children = (
				37941E5E26D235F800B23F69 /* DI */,
				37C1C48126B80E6100151E68 /* Flow */,
				37E99B7E26B7B892002A840B /* AppDelegate.swift */,
				3781ED8E26BBB8EE00404A9D /* Application.swift */,
			);
			path = Application;
			sourceTree = "<group>";
		};
		37E99BC926B7BBF2002A840B /* Presentation */ = {
			isa = PBXGroup;
			children = (
				37C1C4A526B828FD00151E68 /* Common */,
				377874D826CE005700A9BF73 /* SignInScene */,
				37C1C48926B8168300151E68 /* SearchScene */,
				37C1C48A26B816A300151E68 /* SettingScene */,
			);
			path = Presentation;
			sourceTree = "<group>";
		};
		89FB1D8F4EC8C775B61B9134 /* Frameworks */ = {
			isa = PBXGroup;
			children = (
				F3EBF40F1B004C813CF16071 /* Pods_AppStoreSample.framework */,
				8739C34AE11320B9272BCF52 /* Pods_Data.framework */,
				C220802F5B190135BC199271 /* Pods_Data_DataTests.framework */,
				6B8226809ED3FB13749A0045 /* Pods_Domain.framework */,
				80E6B82C9FD6B949E12BFF93 /* Pods_Domain_DomainTests.framework */,
				EA9CEB65ABA04CF93A2939DA /* Pods_AppStoreSample_AppStoreSampleTests.framework */,
			);
			name = Frameworks;
			sourceTree = "<group>";
		};
/* End PBXGroup section */

/* Begin PBXHeadersBuildPhase section */
		37C1C4E726B9033900151E68 /* Headers */ = {
			isa = PBXHeadersBuildPhase;
			buildActionMask = 2147483647;
			files = (
				37C1C4FE26B9033A00151E68 /* Data.h in Headers */,
			);
			runOnlyForDeploymentPostprocessing = 0;
		};
		37E99B9226B7B92A002A840B /* Headers */ = {
			isa = PBXHeadersBuildPhase;
			buildActionMask = 2147483647;
			files = (
				37E99BA926B7B92A002A840B /* Domain.h in Headers */,
			);
			runOnlyForDeploymentPostprocessing = 0;
		};
/* End PBXHeadersBuildPhase section */

/* Begin PBXNativeTarget section */
		3715EC1B26D4107200B6751C /* AppStoreSampleTests */ = {
			isa = PBXNativeTarget;
			buildConfigurationList = 3715EC2326D4107200B6751C /* Build configuration list for PBXNativeTarget "AppStoreSampleTests" */;
			buildPhases = (
				B4B15F8211EE1B2AEF41910C /* [CP] Check Pods Manifest.lock */,
				3715EC1826D4107200B6751C /* Sources */,
				3715EC1926D4107200B6751C /* Frameworks */,
				3715EC1A26D4107200B6751C /* Resources */,
				B032B4E4272941B190A2A399 /* [CP] Embed Pods Frameworks */,
			);
			buildRules = (
			);
			dependencies = (
				3715EC2226D4107200B6751C /* PBXTargetDependency */,
			);
			name = AppStoreSampleTests;
			productName = AppStoreSampleTests;
			productReference = 3715EC1C26D4107200B6751C /* AppStoreSampleTests.xctest */;
			productType = "com.apple.product-type.bundle.unit-test";
		};
		37C1C4EB26B9033900151E68 /* Data */ = {
			isa = PBXNativeTarget;
			buildConfigurationList = 37C1C50326B9033A00151E68 /* Build configuration list for PBXNativeTarget "Data" */;
			buildPhases = (
				7DD621F59CDE464C40C65E2A /* [CP] Check Pods Manifest.lock */,
				37C1C4E726B9033900151E68 /* Headers */,
				37C1C4E826B9033900151E68 /* Sources */,
				37C1C4E926B9033900151E68 /* Frameworks */,
				37C1C4EA26B9033900151E68 /* Resources */,
			);
			buildRules = (
			);
			dependencies = (
			);
			name = Data;
			productName = Data;
			productReference = 37C1C4EC26B9033900151E68 /* Data.framework */;
			productType = "com.apple.product-type.framework";
		};
		37E99B7A26B7B892002A840B /* AppStoreSample */ = {
			isa = PBXNativeTarget;
			buildConfigurationList = 37E99B8F26B7B892002A840B /* Build configuration list for PBXNativeTarget "AppStoreSample" */;
			buildPhases = (
				B16309D5E7DE8652D514F37C /* [CP] Check Pods Manifest.lock */,
				37E99B7726B7B892002A840B /* Sources */,
				37E99B7826B7B892002A840B /* Frameworks */,
				37E99B7926B7B892002A840B /* Resources */,
				37E99BAE26B7B92A002A840B /* Embed Frameworks */,
				058C53B869D75615E7FCB5BE /* [CP] Embed Pods Frameworks */,
				37941E6926D2929200B23F69 /* SwiftLint */,
				37941E7126D2A8B600B23F69 /* SwiftGen */,
			);
			buildRules = (
			);
			dependencies = (
				37E99BAB26B7B92A002A840B /* PBXTargetDependency */,
				37C1C50026B9033A00151E68 /* PBXTargetDependency */,
			);
			name = AppStoreSample;
			productName = AppStoreSample;
			productReference = 37E99B7B26B7B892002A840B /* AppStoreSample.app */;
			productType = "com.apple.product-type.application";
		};
		37E99B9626B7B92A002A840B /* Domain */ = {
			isa = PBXNativeTarget;
			buildConfigurationList = 37E99BB326B7B92A002A840B /* Build configuration list for PBXNativeTarget "Domain" */;
			buildPhases = (
				2CF5C861E0A543F8AE1B3C87 /* [CP] Check Pods Manifest.lock */,
				37E99B9226B7B92A002A840B /* Headers */,
				37E99B9326B7B92A002A840B /* Sources */,
				37E99B9426B7B92A002A840B /* Frameworks */,
				37E99B9526B7B92A002A840B /* Resources */,
			);
			buildRules = (
			);
			dependencies = (
			);
			name = Domain;
			productName = Domain;
			productReference = 37E99B9726B7B92A002A840B /* Domain.framework */;
			productType = "com.apple.product-type.framework";
		};
/* End PBXNativeTarget section */

/* Begin PBXProject section */
		37E99B7326B7B892002A840B /* Project object */ = {
			isa = PBXProject;
			attributes = {
				LastSwiftUpdateCheck = 1250;
				LastUpgradeCheck = 1250;
				TargetAttributes = {
					3715EC1B26D4107200B6751C = {
						CreatedOnToolsVersion = 12.5;
						TestTargetID = 37E99B7A26B7B892002A840B;
					};
					37C1C4EB26B9033900151E68 = {
						CreatedOnToolsVersion = 12.5;
						LastSwiftMigration = 1250;
					};
					37E99B7A26B7B892002A840B = {
						CreatedOnToolsVersion = 12.5;
					};
					37E99B9626B7B92A002A840B = {
						CreatedOnToolsVersion = 12.5;
						LastSwiftMigration = 1250;
					};
				};
			};
			buildConfigurationList = 37E99B7626B7B892002A840B /* Build configuration list for PBXProject "AppStoreSample" */;
			compatibilityVersion = "Xcode 9.3";
			developmentRegion = en;
			hasScannedForEncodings = 0;
			knownRegions = (
				en,
				Base,
			);
			mainGroup = 37E99B7226B7B892002A840B;
			productRefGroup = 37E99B7C26B7B892002A840B /* Products */;
			projectDirPath = "";
			projectRoot = "";
			targets = (
				37E99B7A26B7B892002A840B /* AppStoreSample */,
				37E99B9626B7B92A002A840B /* Domain */,
				37C1C4EB26B9033900151E68 /* Data */,
				3715EC1B26D4107200B6751C /* AppStoreSampleTests */,
			);
		};
/* End PBXProject section */

/* Begin PBXResourcesBuildPhase section */
		3715EC1A26D4107200B6751C /* Resources */ = {
			isa = PBXResourcesBuildPhase;
			buildActionMask = 2147483647;
			files = (
				3715EC4126D4120200B6751C /* SampleData.json in Resources */,
				3715EC4326D4122000B6751C /* SampleTrack.json in Resources */,
			);
			runOnlyForDeploymentPostprocessing = 0;
		};
		37C1C4EA26B9033900151E68 /* Resources */ = {
			isa = PBXResourcesBuildPhase;
			buildActionMask = 2147483647;
			files = (
			);
			runOnlyForDeploymentPostprocessing = 0;
		};
		37E99B7926B7B892002A840B /* Resources */ = {
			isa = PBXResourcesBuildPhase;
			buildActionMask = 2147483647;
			files = (
				377874D626CB5F5B00A9BF73 /* SettingViewController.storyboard in Resources */,
				37C1C49426B81DF500151E68 /* SearchResultViewController.storyboard in Resources */,
				37941E6C26D29BEA00B23F69 /* README.md in Resources */,
				37E99B8B26B7B892002A840B /* LaunchScreen.storyboard in Resources */,
				3793D17D26BE931200999C81 /* DetailPreviewCell.xib in Resources */,
				3793D18C26BE931200999C81 /* DetailPreviewImageCell.xib in Resources */,
				37C1C48F26B8198E00151E68 /* SearchMainViewController.storyboard in Resources */,
				37E99B8826B7B892002A840B /* Assets.xcassets in Resources */,
				37941E7326D2AD2600B23F69 /* swiftgen.yml in Resources */,
				377874DE26CE00AC00A9BF73 /* SignInViewController.storyboard in Resources */,
				37941E7826D2AFA600B23F69 /* .swiftlint.yml in Resources */,
				3793D18226BE931200999C81 /* DetailDescriptionCell.xib in Resources */,
				3793D18426BE931200999C81 /* DetailHorizontalInfoCell.xib in Resources */,
				3793D18826BE931200999C81 /* DetailHeaderCell.xib in Resources */,
				3793D18726BE931200999C81 /* DetailVerticalInfoCell.xib in Resources */,
				37C1C49A26B8214700151E68 /* MainHeaderCell.xib in Resources */,
				3793D18B26BE931200999C81 /* DetailSellerInfoCell.xib in Resources */,
				3793D18526BE931200999C81 /* DetailReleaseNotesCell.xib in Resources */,
				37C1C4AF26B8388B00151E68 /* SearchRecentKeywordCell.xib in Resources */,
				3793D19626BE988100999C81 /* SearchDetailViewController.storyboard in Resources */,
				37C1C49C26B8214700151E68 /* MainRecentKeywordCell.xib in Resources */,
				37C1C4B126B8388B00151E68 /* SearchTrackCell.xib in Resources */,
			);
			runOnlyForDeploymentPostprocessing = 0;
		};
		37E99B9526B7B92A002A840B /* Resources */ = {
			isa = PBXResourcesBuildPhase;
			buildActionMask = 2147483647;
			files = (
			);
			runOnlyForDeploymentPostprocessing = 0;
		};
/* End PBXResourcesBuildPhase section */

/* Begin PBXShellScriptBuildPhase section */
		058C53B869D75615E7FCB5BE /* [CP] Embed Pods Frameworks */ = {
			isa = PBXShellScriptBuildPhase;
			buildActionMask = 2147483647;
			files = (
			);
			inputFileListPaths = (
				"${PODS_ROOT}/Target Support Files/Pods-AppStoreSample/Pods-AppStoreSample-frameworks-${CONFIGURATION}-input-files.xcfilelist",
			);
			name = "[CP] Embed Pods Frameworks";
			outputFileListPaths = (
				"${PODS_ROOT}/Target Support Files/Pods-AppStoreSample/Pods-AppStoreSample-frameworks-${CONFIGURATION}-output-files.xcfilelist",
			);
			runOnlyForDeploymentPostprocessing = 0;
			shellPath = /bin/sh;
			shellScript = "\"${PODS_ROOT}/Target Support Files/Pods-AppStoreSample/Pods-AppStoreSample-frameworks.sh\"\n";
			showEnvVarsInLog = 0;
		};
		2CF5C861E0A543F8AE1B3C87 /* [CP] Check Pods Manifest.lock */ = {
			isa = PBXShellScriptBuildPhase;
			buildActionMask = 2147483647;
			files = (
			);
			inputFileListPaths = (
			);
			inputPaths = (
				"${PODS_PODFILE_DIR_PATH}/Podfile.lock",
				"${PODS_ROOT}/Manifest.lock",
			);
			name = "[CP] Check Pods Manifest.lock";
			outputFileListPaths = (
			);
			outputPaths = (
				"$(DERIVED_FILE_DIR)/Pods-Domain-checkManifestLockResult.txt",
			);
			runOnlyForDeploymentPostprocessing = 0;
			shellPath = /bin/sh;
			shellScript = "diff \"${PODS_PODFILE_DIR_PATH}/Podfile.lock\" \"${PODS_ROOT}/Manifest.lock\" > /dev/null\nif [ $? != 0 ] ; then\n    # print error to STDERR\n    echo \"error: The sandbox is not in sync with the Podfile.lock. Run 'pod install' or update your CocoaPods installation.\" >&2\n    exit 1\nfi\n# This output is used by Xcode 'outputs' to avoid re-running this script phase.\necho \"SUCCESS\" > \"${SCRIPT_OUTPUT_FILE_0}\"\n";
			showEnvVarsInLog = 0;
		};
		37941E6926D2929200B23F69 /* SwiftLint */ = {
			isa = PBXShellScriptBuildPhase;
			buildActionMask = 2147483647;
			files = (
			);
			inputFileListPaths = (
			);
			inputPaths = (
			);
			name = SwiftLint;
			outputFileListPaths = (
			);
			outputPaths = (
			);
			runOnlyForDeploymentPostprocessing = 0;
			shellPath = /bin/sh;
			shellScript = "# Type a script or drag a script file from your workspace to insert its path.\n${PODS_ROOT}/SwiftLint/swiftlint\n";
		};
		37941E7126D2A8B600B23F69 /* SwiftGen */ = {
			isa = PBXShellScriptBuildPhase;
			buildActionMask = 2147483647;
			files = (
			);
			inputFileListPaths = (
			);
			inputPaths = (
			);
			name = SwiftGen;
			outputFileListPaths = (
			);
			outputPaths = (
			);
			runOnlyForDeploymentPostprocessing = 0;
			shellPath = /bin/sh;
			shellScript = "# Type a script or drag a script file from your workspace to insert its path.\nif [[ -f \"${PODS_ROOT}/SwiftGen/bin/swiftgen\" ]]; then\n  \"${PODS_ROOT}/SwiftGen/bin/swiftgen\"\nelse\n  echo \"warning: SwiftGen is not installed. Run 'pod install --repo-update' to install it.\"\nfi \n";
		};
		7DD621F59CDE464C40C65E2A /* [CP] Check Pods Manifest.lock */ = {
			isa = PBXShellScriptBuildPhase;
			buildActionMask = 2147483647;
			files = (
			);
			inputFileListPaths = (
			);
			inputPaths = (
				"${PODS_PODFILE_DIR_PATH}/Podfile.lock",
				"${PODS_ROOT}/Manifest.lock",
			);
			name = "[CP] Check Pods Manifest.lock";
			outputFileListPaths = (
			);
			outputPaths = (
				"$(DERIVED_FILE_DIR)/Pods-Data-checkManifestLockResult.txt",
			);
			runOnlyForDeploymentPostprocessing = 0;
			shellPath = /bin/sh;
			shellScript = "diff \"${PODS_PODFILE_DIR_PATH}/Podfile.lock\" \"${PODS_ROOT}/Manifest.lock\" > /dev/null\nif [ $? != 0 ] ; then\n    # print error to STDERR\n    echo \"error: The sandbox is not in sync with the Podfile.lock. Run 'pod install' or update your CocoaPods installation.\" >&2\n    exit 1\nfi\n# This output is used by Xcode 'outputs' to avoid re-running this script phase.\necho \"SUCCESS\" > \"${SCRIPT_OUTPUT_FILE_0}\"\n";
			showEnvVarsInLog = 0;
		};
		B032B4E4272941B190A2A399 /* [CP] Embed Pods Frameworks */ = {
			isa = PBXShellScriptBuildPhase;
			buildActionMask = 2147483647;
			files = (
			);
			inputFileListPaths = (
				"${PODS_ROOT}/Target Support Files/Pods-AppStoreSample-AppStoreSampleTests/Pods-AppStoreSample-AppStoreSampleTests-frameworks-${CONFIGURATION}-input-files.xcfilelist",
			);
			name = "[CP] Embed Pods Frameworks";
			outputFileListPaths = (
				"${PODS_ROOT}/Target Support Files/Pods-AppStoreSample-AppStoreSampleTests/Pods-AppStoreSample-AppStoreSampleTests-frameworks-${CONFIGURATION}-output-files.xcfilelist",
			);
			runOnlyForDeploymentPostprocessing = 0;
			shellPath = /bin/sh;
			shellScript = "\"${PODS_ROOT}/Target Support Files/Pods-AppStoreSample-AppStoreSampleTests/Pods-AppStoreSample-AppStoreSampleTests-frameworks.sh\"\n";
			showEnvVarsInLog = 0;
		};
		B16309D5E7DE8652D514F37C /* [CP] Check Pods Manifest.lock */ = {
			isa = PBXShellScriptBuildPhase;
			buildActionMask = 2147483647;
			files = (
			);
			inputFileListPaths = (
			);
			inputPaths = (
				"${PODS_PODFILE_DIR_PATH}/Podfile.lock",
				"${PODS_ROOT}/Manifest.lock",
			);
			name = "[CP] Check Pods Manifest.lock";
			outputFileListPaths = (
			);
			outputPaths = (
				"$(DERIVED_FILE_DIR)/Pods-AppStoreSample-checkManifestLockResult.txt",
			);
			runOnlyForDeploymentPostprocessing = 0;
			shellPath = /bin/sh;
			shellScript = "diff \"${PODS_PODFILE_DIR_PATH}/Podfile.lock\" \"${PODS_ROOT}/Manifest.lock\" > /dev/null\nif [ $? != 0 ] ; then\n    # print error to STDERR\n    echo \"error: The sandbox is not in sync with the Podfile.lock. Run 'pod install' or update your CocoaPods installation.\" >&2\n    exit 1\nfi\n# This output is used by Xcode 'outputs' to avoid re-running this script phase.\necho \"SUCCESS\" > \"${SCRIPT_OUTPUT_FILE_0}\"\n";
			showEnvVarsInLog = 0;
		};
		B4B15F8211EE1B2AEF41910C /* [CP] Check Pods Manifest.lock */ = {
			isa = PBXShellScriptBuildPhase;
			buildActionMask = 2147483647;
			files = (
			);
			inputFileListPaths = (
			);
			inputPaths = (
				"${PODS_PODFILE_DIR_PATH}/Podfile.lock",
				"${PODS_ROOT}/Manifest.lock",
			);
			name = "[CP] Check Pods Manifest.lock";
			outputFileListPaths = (
			);
			outputPaths = (
				"$(DERIVED_FILE_DIR)/Pods-AppStoreSample-AppStoreSampleTests-checkManifestLockResult.txt",
			);
			runOnlyForDeploymentPostprocessing = 0;
			shellPath = /bin/sh;
			shellScript = "diff \"${PODS_PODFILE_DIR_PATH}/Podfile.lock\" \"${PODS_ROOT}/Manifest.lock\" > /dev/null\nif [ $? != 0 ] ; then\n    # print error to STDERR\n    echo \"error: The sandbox is not in sync with the Podfile.lock. Run 'pod install' or update your CocoaPods installation.\" >&2\n    exit 1\nfi\n# This output is used by Xcode 'outputs' to avoid re-running this script phase.\necho \"SUCCESS\" > \"${SCRIPT_OUTPUT_FILE_0}\"\n";
			showEnvVarsInLog = 0;
		};
/* End PBXShellScriptBuildPhase section */

/* Begin PBXSourcesBuildPhase section */
		3715EC1826D4107200B6751C /* Sources */ = {
			isa = PBXSourcesBuildPhase;
			buildActionMask = 2147483647;
			files = (
				3715EC4926D412CC00B6751C /* TrackDataSourceTest.swift in Sources */,
				3715EC4526D4124200B6751C /* MockKeywordDataSource.swift in Sources */,
				3715EC4B26D412F500B6751C /* TrackDTOTest.swift in Sources */,
				3715EC4726D4125000B6751C /* MockTrackDataSource.swift in Sources */,
				3715EC5226D4137000B6751C /* SearchMainViewModelTest.swift in Sources */,
				3715EC4D26D4131700B6751C /* TrackRepositoryTest.swift in Sources */,
				3715EC5526D4157200B6751C /* SearchResultViewModelTest.swift in Sources */,
				3715EC3F26D411CD00B6751C /* Data+JSON.swift in Sources */,
				3715EC4F26D4133D00B6751C /* TrackUseCaseTest.swift in Sources */,
			);
			runOnlyForDeploymentPostprocessing = 0;
		};
		37C1C4E826B9033900151E68 /* Sources */ = {
			isa = PBXSourcesBuildPhase;
			buildActionMask = 2147483647;
			files = (
				37C1C51026B9039100151E68 /* TrackRepositoryImpl.swift in Sources */,
				37851DEC26BA7D8900491D05 /* Track.swift in Sources */,
				37C1C51226B9039A00151E68 /* KeywordRepositoryImpl.swift in Sources */,
				3781ED8D26BBA9EC00404A9D /* TrackAPIDataSource.swift in Sources */,
				37C1C51826B905CB00151E68 /* KeywordDataSource.swift in Sources */,
				3782ED6C26B93FC300CB3711 /* KeywordUseCaseImpl.swift in Sources */,
				37C1C51626B904F700151E68 /* TrackDataSource.swift in Sources */,
				37851DF026BA89B500491D05 /* DBObject.swift in Sources */,
				37C1C52D26B910D300151E68 /* RealmConvertableType.swift in Sources */,
				37851DE726BA7BD100491D05 /* TrackUseCaseImpl.swift in Sources */,
				37851DEE26BA7E3F00491D05 /* DBObjectConvertableType.swift in Sources */,
				37C1C53C26B9159B00151E68 /* RMKeyword.swift in Sources */,
				37851DF226BA994000491D05 /* TrackAPI.swift in Sources */,
				37C1C51C26B90AB900151E68 /* KeywordRealmDataSource.swift in Sources */,
			);
			runOnlyForDeploymentPostprocessing = 0;
		};
		37E99B7726B7B892002A840B /* Sources */ = {
			isa = PBXSourcesBuildPhase;
			buildActionMask = 2147483647;
			files = (
				37941E5D26CEB59A00B23F69 /* SettingViewModel.swift in Sources */,
				3781ED8F26BBB8EE00404A9D /* Application.swift in Sources */,
				37C1C4B026B8388B00151E68 /* SearchRecentKeywordCell.swift in Sources */,
				3793D18E26BE97B600999C81 /* UIView+Ext.swift in Sources */,
				3781ED9726BBFA0300404A9D /* SearchResultModel.swift in Sources */,
				3793D18026BE931200999C81 /* DetailSellerInfoCell.swift in Sources */,
				37941E7626D2AE5A00B23F69 /* XCAssets+Generated.swift in Sources */,
				37C1C48726B8145100151E68 /* SearchMainViewController.swift in Sources */,
				377874E126CE019000A9BF73 /* AuthService.swift in Sources */,
				37941E5B26CEA50F00B23F69 /* SignInViewModel.swift in Sources */,
				3793D19426BE982900999C81 /* Date+Ext.swift in Sources */,
				37941E6226D2370B00B23F69 /* DIContainer.swift in Sources */,
				37C1C49D26B8214700151E68 /* MainRecentKeywordCell.swift in Sources */,
				3793D17E26BE931200999C81 /* DetailPreviewCell.swift in Sources */,
				3793D19026BE97DD00999C81 /* String+Ext.swift in Sources */,
				3793D18326BE931200999C81 /* DetailPreviewImageCell.swift in Sources */,
				3793D16726BE927600999C81 /* SearchDetailViewController.swift in Sources */,
				37E99BCE26B7BDBD002A840B /* AppFlow.swift in Sources */,
				3793D16926BE92AD00999C81 /* SearchDetailViewModel.swift in Sources */,
				37C1C47A26B7E00400151E68 /* MainFlow.swift in Sources */,
				3781ED9526BBF9BF00404A9D /* SearchMainModel.swift in Sources */,
				377874D426CB5DAC00A9BF73 /* SettingViewController.swift in Sources */,
				37C1C47C26B7EA9E00151E68 /* SearchFlow.swift in Sources */,
				37C1C47E26B7EAAF00151E68 /* SettingFlow.swift in Sources */,
				37E99B7F26B7B892002A840B /* AppDelegate.swift in Sources */,
				37C1C49F26B8228900151E68 /* SearchMainViewModel.swift in Sources */,
				3793D16B26BE92E200999C81 /* SearchDetailModel.swift in Sources */,
				37C1C4A926B8376800151E68 /* SearchResultViewModel.swift in Sources */,
				37C1C4A726B8291900151E68 /* ViewModelType.swift in Sources */,
				37C1C4B226B8388B00151E68 /* SearchTrackCell.swift in Sources */,
				3793D18A26BE931200999C81 /* DetailHorizontalInfoCell.swift in Sources */,
				377874DC26CE008100A9BF73 /* SignInViewController.swift in Sources */,
				37C1C49B26B8214700151E68 /* MainHeaderCell.swift in Sources */,
				37C1C49226B81DE900151E68 /* SearchResultViewController.swift in Sources */,
				37941E5926CEA0D600B23F69 /* SignInFlow.swift in Sources */,
				37C1C4BC26B8412000151E68 /* Double+Ext.swift in Sources */,
				3793D19226BE980400999C81 /* Int64+Ext.swift in Sources */,
				3793D18126BE931200999C81 /* DetailReleaseNotesCell.swift in Sources */,
				3793D18926BE931200999C81 /* DetailDescriptionCell.swift in Sources */,
				3793D17F26BE931200999C81 /* DetailVerticalInfoCell.swift in Sources */,
				3793D18626BE931200999C81 /* DetailHeaderCell.swift in Sources */,
			);
			runOnlyForDeploymentPostprocessing = 0;
		};
		37E99B9326B7B92A002A840B /* Sources */ = {
			isa = PBXSourcesBuildPhase;
			buildActionMask = 2147483647;
			files = (
				37E99BBF26B7B95A002A840B /* Track.swift in Sources */,
				37E99BC726B7B9DD002A840B /* KeywordUseCase.swift in Sources */,
				37E99BC526B7B9D5002A840B /* TrackUseCase.swift in Sources */,
				37E99BC126B7B964002A840B /* Keyword.swift in Sources */,
				37C1C52F26B910E500151E68 /* DomainConvertableType.swift in Sources */,
				37C1C4E126B901FB00151E68 /* TrackRepository.swift in Sources */,
				37C1C4E326B9020600151E68 /* KeywordRepository.swift in Sources */,
			);
			runOnlyForDeploymentPostprocessing = 0;
		};
/* End PBXSourcesBuildPhase section */

/* Begin PBXTargetDependency section */
		3715EC2226D4107200B6751C /* PBXTargetDependency */ = {
			isa = PBXTargetDependency;
			target = 37E99B7A26B7B892002A840B /* AppStoreSample */;
			targetProxy = 3715EC2126D4107200B6751C /* PBXContainerItemProxy */;
		};
		37C1C50026B9033A00151E68 /* PBXTargetDependency */ = {
			isa = PBXTargetDependency;
			target = 37C1C4EB26B9033900151E68 /* Data */;
			targetProxy = 37C1C4FF26B9033A00151E68 /* PBXContainerItemProxy */;
		};
		37E99BAB26B7B92A002A840B /* PBXTargetDependency */ = {
			isa = PBXTargetDependency;
			target = 37E99B9626B7B92A002A840B /* Domain */;
			targetProxy = 37E99BAA26B7B92A002A840B /* PBXContainerItemProxy */;
		};
/* End PBXTargetDependency section */

/* Begin PBXVariantGroup section */
		37E99B8926B7B892002A840B /* LaunchScreen.storyboard */ = {
			isa = PBXVariantGroup;
			children = (
				37E99B8A26B7B892002A840B /* Base */,
			);
			name = LaunchScreen.storyboard;
			sourceTree = "<group>";
		};
/* End PBXVariantGroup section */

/* Begin XCBuildConfiguration section */
		3715EC2426D4107200B6751C /* Debug */ = {
			isa = XCBuildConfiguration;
			baseConfigurationReference = BC5CD48BAFF92E551C2029FC /* Pods-AppStoreSample-AppStoreSampleTests.debug.xcconfig */;
			buildSettings = {
				BUNDLE_LOADER = "$(TEST_HOST)";
				CODE_SIGN_STYLE = Automatic;
				DEVELOPMENT_TEAM = T6DB2VB7L7;
				INFOPLIST_FILE = AppStoreSampleTests/Info.plist;
				IPHONEOS_DEPLOYMENT_TARGET = 14.5;
				LD_RUNPATH_SEARCH_PATHS = (
					"$(inherited)",
					"@executable_path/Frameworks",
					"@loader_path/Frameworks",
				);
				PRODUCT_BUNDLE_IDENTIFIER = co.hyoungsu.ham.AppStoreSampleTests;
				PRODUCT_NAME = "$(TARGET_NAME)";
				SWIFT_VERSION = 5.0;
				TARGETED_DEVICE_FAMILY = "1,2";
				TEST_HOST = "$(BUILT_PRODUCTS_DIR)/AppStoreSample.app/AppStoreSample";
			};
			name = Debug;
		};
		3715EC2526D4107200B6751C /* Release */ = {
			isa = XCBuildConfiguration;
			baseConfigurationReference = 12E72FF7E9EED8C6E6295A45 /* Pods-AppStoreSample-AppStoreSampleTests.release.xcconfig */;
			buildSettings = {
				BUNDLE_LOADER = "$(TEST_HOST)";
				CODE_SIGN_STYLE = Automatic;
				DEVELOPMENT_TEAM = T6DB2VB7L7;
				INFOPLIST_FILE = AppStoreSampleTests/Info.plist;
				IPHONEOS_DEPLOYMENT_TARGET = 14.5;
				LD_RUNPATH_SEARCH_PATHS = (
					"$(inherited)",
					"@executable_path/Frameworks",
					"@loader_path/Frameworks",
				);
				PRODUCT_BUNDLE_IDENTIFIER = co.hyoungsu.ham.AppStoreSampleTests;
				PRODUCT_NAME = "$(TARGET_NAME)";
				SWIFT_VERSION = 5.0;
				TARGETED_DEVICE_FAMILY = "1,2";
				TEST_HOST = "$(BUILT_PRODUCTS_DIR)/AppStoreSample.app/AppStoreSample";
			};
			name = Release;
		};
		37C1C50426B9033A00151E68 /* Debug */ = {
			isa = XCBuildConfiguration;
			baseConfigurationReference = 86156F544584C38E55685644 /* Pods-Data.debug.xcconfig */;
			buildSettings = {
				CLANG_ENABLE_MODULES = YES;
				CODE_SIGN_STYLE = Automatic;
				CURRENT_PROJECT_VERSION = 1;
				DEFINES_MODULE = YES;
				DEVELOPMENT_TEAM = T6DB2VB7L7;
				DYLIB_COMPATIBILITY_VERSION = 1;
				DYLIB_CURRENT_VERSION = 1;
				DYLIB_INSTALL_NAME_BASE = "@rpath";
				INFOPLIST_FILE = Data/Info.plist;
				INSTALL_PATH = "$(LOCAL_LIBRARY_DIR)/Frameworks";
				IPHONEOS_DEPLOYMENT_TARGET = 11.0;
				LD_RUNPATH_SEARCH_PATHS = (
					"$(inherited)",
					"@executable_path/Frameworks",
					"@loader_path/Frameworks",
				);
				PRODUCT_BUNDLE_IDENTIFIER = co.hyoungsu.ham.Data;
				PRODUCT_NAME = "$(TARGET_NAME:c99extidentifier)";
				SKIP_INSTALL = YES;
				SWIFT_OPTIMIZATION_LEVEL = "-Onone";
				SWIFT_VERSION = 5.0;
				TARGETED_DEVICE_FAMILY = "1,2";
				VERSIONING_SYSTEM = "apple-generic";
				VERSION_INFO_PREFIX = "";
			};
			name = Debug;
		};
		37C1C50526B9033A00151E68 /* Release */ = {
			isa = XCBuildConfiguration;
			baseConfigurationReference = 4776530808CACFF4FA0C7223 /* Pods-Data.release.xcconfig */;
			buildSettings = {
				CLANG_ENABLE_MODULES = YES;
				CODE_SIGN_STYLE = Automatic;
				CURRENT_PROJECT_VERSION = 1;
				DEFINES_MODULE = YES;
				DEVELOPMENT_TEAM = T6DB2VB7L7;
				DYLIB_COMPATIBILITY_VERSION = 1;
				DYLIB_CURRENT_VERSION = 1;
				DYLIB_INSTALL_NAME_BASE = "@rpath";
				INFOPLIST_FILE = Data/Info.plist;
				INSTALL_PATH = "$(LOCAL_LIBRARY_DIR)/Frameworks";
				IPHONEOS_DEPLOYMENT_TARGET = 11.0;
				LD_RUNPATH_SEARCH_PATHS = (
					"$(inherited)",
					"@executable_path/Frameworks",
					"@loader_path/Frameworks",
				);
				PRODUCT_BUNDLE_IDENTIFIER = co.hyoungsu.ham.Data;
				PRODUCT_NAME = "$(TARGET_NAME:c99extidentifier)";
				SKIP_INSTALL = YES;
				SWIFT_VERSION = 5.0;
				TARGETED_DEVICE_FAMILY = "1,2";
				VERSIONING_SYSTEM = "apple-generic";
				VERSION_INFO_PREFIX = "";
			};
			name = Release;
		};
		37E99B8D26B7B892002A840B /* Debug */ = {
			isa = XCBuildConfiguration;
			buildSettings = {
				ALWAYS_SEARCH_USER_PATHS = NO;
				CLANG_ANALYZER_NONNULL = YES;
				CLANG_ANALYZER_NUMBER_OBJECT_CONVERSION = YES_AGGRESSIVE;
				CLANG_CXX_LANGUAGE_STANDARD = "gnu++14";
				CLANG_CXX_LIBRARY = "libc++";
				CLANG_ENABLE_MODULES = YES;
				CLANG_ENABLE_OBJC_ARC = YES;
				CLANG_ENABLE_OBJC_WEAK = YES;
				CLANG_WARN_BLOCK_CAPTURE_AUTORELEASING = YES;
				CLANG_WARN_BOOL_CONVERSION = YES;
				CLANG_WARN_COMMA = YES;
				CLANG_WARN_CONSTANT_CONVERSION = YES;
				CLANG_WARN_DEPRECATED_OBJC_IMPLEMENTATIONS = YES;
				CLANG_WARN_DIRECT_OBJC_ISA_USAGE = YES_ERROR;
				CLANG_WARN_DOCUMENTATION_COMMENTS = YES;
				CLANG_WARN_EMPTY_BODY = YES;
				CLANG_WARN_ENUM_CONVERSION = YES;
				CLANG_WARN_INFINITE_RECURSION = YES;
				CLANG_WARN_INT_CONVERSION = YES;
				CLANG_WARN_NON_LITERAL_NULL_CONVERSION = YES;
				CLANG_WARN_OBJC_IMPLICIT_RETAIN_SELF = YES;
				CLANG_WARN_OBJC_LITERAL_CONVERSION = YES;
				CLANG_WARN_OBJC_ROOT_CLASS = YES_ERROR;
				CLANG_WARN_QUOTED_INCLUDE_IN_FRAMEWORK_HEADER = YES;
				CLANG_WARN_RANGE_LOOP_ANALYSIS = YES;
				CLANG_WARN_STRICT_PROTOTYPES = YES;
				CLANG_WARN_SUSPICIOUS_MOVE = YES;
				CLANG_WARN_UNGUARDED_AVAILABILITY = YES_AGGRESSIVE;
				CLANG_WARN_UNREACHABLE_CODE = YES;
				CLANG_WARN__DUPLICATE_METHOD_MATCH = YES;
				COPY_PHASE_STRIP = NO;
				DEBUG_INFORMATION_FORMAT = dwarf;
				ENABLE_STRICT_OBJC_MSGSEND = YES;
				ENABLE_TESTABILITY = YES;
				GCC_C_LANGUAGE_STANDARD = gnu11;
				GCC_DYNAMIC_NO_PIC = NO;
				GCC_NO_COMMON_BLOCKS = YES;
				GCC_OPTIMIZATION_LEVEL = 0;
				GCC_PREPROCESSOR_DEFINITIONS = (
					"DEBUG=1",
					"$(inherited)",
				);
				GCC_WARN_64_TO_32_BIT_CONVERSION = YES;
				GCC_WARN_ABOUT_RETURN_TYPE = YES_ERROR;
				GCC_WARN_UNDECLARED_SELECTOR = YES;
				GCC_WARN_UNINITIALIZED_AUTOS = YES_AGGRESSIVE;
				GCC_WARN_UNUSED_FUNCTION = YES;
				GCC_WARN_UNUSED_VARIABLE = YES;
				IPHONEOS_DEPLOYMENT_TARGET = 11.0;
				MTL_ENABLE_DEBUG_INFO = INCLUDE_SOURCE;
				MTL_FAST_MATH = YES;
				ONLY_ACTIVE_ARCH = YES;
				SDKROOT = iphoneos;
				SWIFT_ACTIVE_COMPILATION_CONDITIONS = DEBUG;
				SWIFT_OPTIMIZATION_LEVEL = "-Onone";
			};
			name = Debug;
		};
		37E99B8E26B7B892002A840B /* Release */ = {
			isa = XCBuildConfiguration;
			buildSettings = {
				ALWAYS_SEARCH_USER_PATHS = NO;
				CLANG_ANALYZER_NONNULL = YES;
				CLANG_ANALYZER_NUMBER_OBJECT_CONVERSION = YES_AGGRESSIVE;
				CLANG_CXX_LANGUAGE_STANDARD = "gnu++14";
				CLANG_CXX_LIBRARY = "libc++";
				CLANG_ENABLE_MODULES = YES;
				CLANG_ENABLE_OBJC_ARC = YES;
				CLANG_ENABLE_OBJC_WEAK = YES;
				CLANG_WARN_BLOCK_CAPTURE_AUTORELEASING = YES;
				CLANG_WARN_BOOL_CONVERSION = YES;
				CLANG_WARN_COMMA = YES;
				CLANG_WARN_CONSTANT_CONVERSION = YES;
				CLANG_WARN_DEPRECATED_OBJC_IMPLEMENTATIONS = YES;
				CLANG_WARN_DIRECT_OBJC_ISA_USAGE = YES_ERROR;
				CLANG_WARN_DOCUMENTATION_COMMENTS = YES;
				CLANG_WARN_EMPTY_BODY = YES;
				CLANG_WARN_ENUM_CONVERSION = YES;
				CLANG_WARN_INFINITE_RECURSION = YES;
				CLANG_WARN_INT_CONVERSION = YES;
				CLANG_WARN_NON_LITERAL_NULL_CONVERSION = YES;
				CLANG_WARN_OBJC_IMPLICIT_RETAIN_SELF = YES;
				CLANG_WARN_OBJC_LITERAL_CONVERSION = YES;
				CLANG_WARN_OBJC_ROOT_CLASS = YES_ERROR;
				CLANG_WARN_QUOTED_INCLUDE_IN_FRAMEWORK_HEADER = YES;
				CLANG_WARN_RANGE_LOOP_ANALYSIS = YES;
				CLANG_WARN_STRICT_PROTOTYPES = YES;
				CLANG_WARN_SUSPICIOUS_MOVE = YES;
				CLANG_WARN_UNGUARDED_AVAILABILITY = YES_AGGRESSIVE;
				CLANG_WARN_UNREACHABLE_CODE = YES;
				CLANG_WARN__DUPLICATE_METHOD_MATCH = YES;
				COPY_PHASE_STRIP = NO;
				DEBUG_INFORMATION_FORMAT = "dwarf-with-dsym";
				ENABLE_NS_ASSERTIONS = NO;
				ENABLE_STRICT_OBJC_MSGSEND = YES;
				GCC_C_LANGUAGE_STANDARD = gnu11;
				GCC_NO_COMMON_BLOCKS = YES;
				GCC_WARN_64_TO_32_BIT_CONVERSION = YES;
				GCC_WARN_ABOUT_RETURN_TYPE = YES_ERROR;
				GCC_WARN_UNDECLARED_SELECTOR = YES;
				GCC_WARN_UNINITIALIZED_AUTOS = YES_AGGRESSIVE;
				GCC_WARN_UNUSED_FUNCTION = YES;
				GCC_WARN_UNUSED_VARIABLE = YES;
				IPHONEOS_DEPLOYMENT_TARGET = 11.0;
				MTL_ENABLE_DEBUG_INFO = NO;
				MTL_FAST_MATH = YES;
				SDKROOT = iphoneos;
				SWIFT_COMPILATION_MODE = wholemodule;
				SWIFT_OPTIMIZATION_LEVEL = "-O";
				VALIDATE_PRODUCT = YES;
			};
			name = Release;
		};
		37E99B9026B7B892002A840B /* Debug */ = {
			isa = XCBuildConfiguration;
			baseConfigurationReference = F6E196A24A74AB382BE63EF9 /* Pods-AppStoreSample.debug.xcconfig */;
			buildSettings = {
				ALWAYS_EMBED_SWIFT_STANDARD_LIBRARIES = YES;
				ASSETCATALOG_COMPILER_APPICON_NAME = AppIcon;
				ASSETCATALOG_COMPILER_GLOBAL_ACCENT_COLOR_NAME = AccentColor;
				CODE_SIGN_STYLE = Automatic;
				DEVELOPMENT_TEAM = T6DB2VB7L7;
				INFOPLIST_FILE = AppStoreSample/Resource/Info.plist;
				LD_RUNPATH_SEARCH_PATHS = (
					"$(inherited)",
					"@executable_path/Frameworks",
				);
				PRODUCT_BUNDLE_IDENTIFIER = co.hyoungsu.ham.AppStoreSample;
				PRODUCT_NAME = "$(TARGET_NAME)";
				SWIFT_VERSION = 5.0;
				TARGETED_DEVICE_FAMILY = "1,2";
			};
			name = Debug;
		};
		37E99B9126B7B892002A840B /* Release */ = {
			isa = XCBuildConfiguration;
			baseConfigurationReference = 33A1863F4A8B34B814F3DB8D /* Pods-AppStoreSample.release.xcconfig */;
			buildSettings = {
				ALWAYS_EMBED_SWIFT_STANDARD_LIBRARIES = YES;
				ASSETCATALOG_COMPILER_APPICON_NAME = AppIcon;
				ASSETCATALOG_COMPILER_GLOBAL_ACCENT_COLOR_NAME = AccentColor;
				CODE_SIGN_STYLE = Automatic;
				DEVELOPMENT_TEAM = T6DB2VB7L7;
				INFOPLIST_FILE = AppStoreSample/Resource/Info.plist;
				LD_RUNPATH_SEARCH_PATHS = (
					"$(inherited)",
					"@executable_path/Frameworks",
				);
				PRODUCT_BUNDLE_IDENTIFIER = co.hyoungsu.ham.AppStoreSample;
				PRODUCT_NAME = "$(TARGET_NAME)";
				SWIFT_VERSION = 5.0;
				TARGETED_DEVICE_FAMILY = "1,2";
			};
			name = Release;
		};
		37E99BAF26B7B92A002A840B /* Debug */ = {
			isa = XCBuildConfiguration;
			baseConfigurationReference = AE294AEAF265F7001F59FAD8 /* Pods-Domain.debug.xcconfig */;
			buildSettings = {
				CLANG_ENABLE_MODULES = YES;
				CODE_SIGN_STYLE = Automatic;
				CURRENT_PROJECT_VERSION = 1;
				DEFINES_MODULE = YES;
				DEVELOPMENT_TEAM = T6DB2VB7L7;
				DYLIB_COMPATIBILITY_VERSION = 1;
				DYLIB_CURRENT_VERSION = 1;
				DYLIB_INSTALL_NAME_BASE = "@rpath";
				INFOPLIST_FILE = Domain/Info.plist;
				INSTALL_PATH = "$(LOCAL_LIBRARY_DIR)/Frameworks";
				LD_RUNPATH_SEARCH_PATHS = (
					"$(inherited)",
					"@executable_path/Frameworks",
					"@loader_path/Frameworks",
				);
				PRODUCT_BUNDLE_IDENTIFIER = co.hyoungsu.ham.Domain;
				PRODUCT_NAME = "$(TARGET_NAME:c99extidentifier)";
				SKIP_INSTALL = YES;
				SWIFT_OPTIMIZATION_LEVEL = "-Onone";
				SWIFT_VERSION = 5.0;
				TARGETED_DEVICE_FAMILY = "1,2";
				VERSIONING_SYSTEM = "apple-generic";
				VERSION_INFO_PREFIX = "";
			};
			name = Debug;
		};
		37E99BB026B7B92A002A840B /* Release */ = {
			isa = XCBuildConfiguration;
			baseConfigurationReference = 90986E66441EAA7E4EB5F466 /* Pods-Domain.release.xcconfig */;
			buildSettings = {
				CLANG_ENABLE_MODULES = YES;
				CODE_SIGN_STYLE = Automatic;
				CURRENT_PROJECT_VERSION = 1;
				DEFINES_MODULE = YES;
				DEVELOPMENT_TEAM = T6DB2VB7L7;
				DYLIB_COMPATIBILITY_VERSION = 1;
				DYLIB_CURRENT_VERSION = 1;
				DYLIB_INSTALL_NAME_BASE = "@rpath";
				INFOPLIST_FILE = Domain/Info.plist;
				INSTALL_PATH = "$(LOCAL_LIBRARY_DIR)/Frameworks";
				LD_RUNPATH_SEARCH_PATHS = (
					"$(inherited)",
					"@executable_path/Frameworks",
					"@loader_path/Frameworks",
				);
				PRODUCT_BUNDLE_IDENTIFIER = co.hyoungsu.ham.Domain;
				PRODUCT_NAME = "$(TARGET_NAME:c99extidentifier)";
				SKIP_INSTALL = YES;
				SWIFT_VERSION = 5.0;
				TARGETED_DEVICE_FAMILY = "1,2";
				VERSIONING_SYSTEM = "apple-generic";
				VERSION_INFO_PREFIX = "";
			};
			name = Release;
		};
/* End XCBuildConfiguration section */

/* Begin XCConfigurationList section */
		3715EC2326D4107200B6751C /* Build configuration list for PBXNativeTarget "AppStoreSampleTests" */ = {
			isa = XCConfigurationList;
			buildConfigurations = (
				3715EC2426D4107200B6751C /* Debug */,
				3715EC2526D4107200B6751C /* Release */,
			);
			defaultConfigurationIsVisible = 0;
			defaultConfigurationName = Release;
		};
		37C1C50326B9033A00151E68 /* Build configuration list for PBXNativeTarget "Data" */ = {
			isa = XCConfigurationList;
			buildConfigurations = (
				37C1C50426B9033A00151E68 /* Debug */,
				37C1C50526B9033A00151E68 /* Release */,
			);
			defaultConfigurationIsVisible = 0;
			defaultConfigurationName = Release;
		};
		37E99B7626B7B892002A840B /* Build configuration list for PBXProject "AppStoreSample" */ = {
			isa = XCConfigurationList;
			buildConfigurations = (
				37E99B8D26B7B892002A840B /* Debug */,
				37E99B8E26B7B892002A840B /* Release */,
			);
			defaultConfigurationIsVisible = 0;
			defaultConfigurationName = Release;
		};
		37E99B8F26B7B892002A840B /* Build configuration list for PBXNativeTarget "AppStoreSample" */ = {
			isa = XCConfigurationList;
			buildConfigurations = (
				37E99B9026B7B892002A840B /* Debug */,
				37E99B9126B7B892002A840B /* Release */,
			);
			defaultConfigurationIsVisible = 0;
			defaultConfigurationName = Release;
		};
		37E99BB326B7B92A002A840B /* Build configuration list for PBXNativeTarget "Domain" */ = {
			isa = XCConfigurationList;
			buildConfigurations = (
				37E99BAF26B7B92A002A840B /* Debug */,
				37E99BB026B7B92A002A840B /* Release */,
			);
			defaultConfigurationIsVisible = 0;
			defaultConfigurationName = Release;
		};
/* End XCConfigurationList section */
	};
	rootObject = 37E99B7326B7B892002A840B /* Project object */;
}
