PODS:
  - Alamofire (5.4.3)
  - Cosmos (23.0.0)
  - Differentiator (5.0.0)
  - Kingfisher (5.15.8):
    - Kingfisher/Core (= 5.15.8)
  - Kingfisher/Core (5.15.8)
  - Moya (14.0.0):
    - Moya/Core (= 14.0.0)
  - Moya/Core (14.0.0):
    - Alamofire (~> 5.0)
  - Realm (10.11.0):
    - Realm/Headers (= 10.11.0)
  - Realm/Headers (10.11.0)
  - RealmSwift (10.11.0):
    - Realm (= 10.11.0)
  - Reusable (4.1.1):
    - Reusable/Storyboard (= 4.1.1)
    - Reusable/View (= 4.1.1)
  - Reusable/Storyboard (4.1.1)
  - Reusable/View (4.1.1)
  - RxCocoa (6.0.0):
    - RxRelay (= 6.0.0)
    - RxSwift (= 6.0.0)
  - RxDataSources (5.0.0):
    - Differentiator (~> 5.0)
    - RxCocoa (~> 6.0)
    - RxSwift (~> 6.0)
  - RxFlow (2.12.2):
    - RxCocoa (>= 6.0.0)
    - RxSwift (>= 6.0.0)
  - RxRelay (6.0.0):
    - RxSwift (= 6.0.0)
  - RxSwift (6.0.0)
  - SwiftyBeaver (1.9.5)
  - Swinject (2.7.1)
  - SwinjectStoryboard (2.2.1):
    - Swinject (~> 2.7.1)

DEPENDENCIES:
  - Alamofire (~> 5.4)
  - Cosmos (~> 23.0)
  - Kingfisher (~> 5.0)
  - Moya (~> 14.0)
  - RealmSwift
  - Reusable
  - RxCocoa (~> 6.0.0)
  - RxDataSources (~> 5.0)
  - RxFlow
  - RxSwift (~> 6.0.0)
  - SwiftyBeaver
  - Swinject
  - SwinjectStoryboard

SPEC REPOS:
  trunk:
    - Alamofire
    - Cosmos
    - Differentiator
    - Kingfisher
    - Moya
    - Realm
    - RealmSwift
    - Reusable
    - RxCocoa
    - RxDataSources
    - RxFlow
    - RxRelay
    - RxSwift
    - SwiftyBeaver
    - Swinject
    - SwinjectStoryboard

SPEC CHECKSUMS:
  Alamofire: e447a2774a40c996748296fa2c55112fdbbc42f9
  Cosmos: b5c6a9a637e28a061b54c8f8b1d8529d7d4db73f
  Differentiator: e8497ceab83c1b10ca233716d547b9af21b9344d
  Kingfisher: a3c03d702433fa6cfedabb2bddbe076fb8f2e902
  Moya: 5b45dacb75adb009f97fde91c204c1e565d31916
  Realm: 39ff23f0f709cd4ed93eb47ee6593c2158945b38
  RealmSwift: 42713e09a8631070d6c12c3c5fb22b8edc1daa41
  Reusable: 53a9acf5c536f229b31b5865782414b508252ddb
  RxCocoa: 3f79328fafa3645b34600f37c31e64c73ae3a80e
  RxDataSources: aa47cc1ed6c500fa0dfecac5c979b723542d79cf
  RxFlow: fa434215aca391d10d4d5048c0a035c9502b3666
  RxRelay: 8d593be109c06ea850df027351beba614b012ffb
  RxSwift: c14e798c59b9f6e9a2df8fd235602e85cc044295
  SwiftyBeaver: 84069991dd5dca07d7069100985badaca7f0ce82
  Swinject: ddf78b8486dd9b71a667b852cad919ab4484478e
  SwinjectStoryboard: fe54ea9494a75348b1f3126e5e278e674f5684ad

PODFILE CHECKSUM: f837ee8778456c82a302a9540d7853ee3c1138c9

COCOAPODS: 1.10.1
